PODS:
  - boost (1.76.0)
  - DoubleConversion (1.1.6)
  - FBLazyVector (0.72.9)
  - FBReactNativeSpec (0.72.9):
    - RCT-Folly (= 2021.07.22.00)
    - RCTRequired (= 0.72.9)
    - RCTTypeSafety (= 0.72.9)
    - React-Core (= 0.72.9)
    - React-jsi (= 0.72.9)
    - ReactCommon/turbomodule/core (= 0.72.9)
  - Firebase/CoreOnly (10.3.0):
    - FirebaseCore (= 10.3.0)
  - Firebase/Messaging (10.3.0):
    - Firebase/CoreOnly
    - FirebaseMessaging (~> 10.3.0)
  - FirebaseCore (10.3.0):
    - FirebaseCoreInternal (~> 10.0)
    - GoogleUtilities/Environment (~> 7.8)
    - GoogleUtilities/Logger (~> 7.8)
  - FirebaseCoreExtension (10.3.0):
    - FirebaseCore (~> 10.0)
  - FirebaseCoreInternal (10.18.0):
    - "GoogleUtilities/NSData+zlib (~> 7.8)"
  - FirebaseInstallations (10.18.0):
    - FirebaseCore (~> 10.0)
    - GoogleUtilities/Environment (~> 7.8)
    - GoogleUtilities/UserDefaults (~> 7.8)
    - PromisesObjC (~> 2.1)
  - FirebaseMessaging (10.3.0):
    - FirebaseCore (~> 10.0)
    - FirebaseInstallations (~> 10.0)
    - GoogleDataTransport (~> 9.2)
    - GoogleUtilities/AppDelegateSwizzler (~> 7.8)
    - GoogleUtilities/Environment (~> 7.8)
    - GoogleUtilities/Reachability (~> 7.8)
    - GoogleUtilities/UserDefaults (~> 7.8)
    - nanopb (< 2.30910.0, >= 2.30908.0)
  - fmt (6.2.1)
  - glog (0.3.5)
  - GoogleDataTransport (9.3.0):
    - GoogleUtilities/Environment (~> 7.7)
    - nanopb (< 2.30910.0, >= 2.30908.0)
    - PromisesObjC (< 3.0, >= 1.2)
  - GoogleUtilities (7.12.0):
    - GoogleUtilities/AppDelegateSwizzler (= 7.12.0)
    - GoogleUtilities/Environment (= 7.12.0)
    - GoogleUtilities/ISASwizzler (= 7.12.0)
    - GoogleUtilities/Logger (= 7.12.0)
    - GoogleUtilities/MethodSwizzler (= 7.12.0)
    - GoogleUtilities/Network (= 7.12.0)
    - "GoogleUtilities/NSData+zlib (= 7.12.0)"
    - GoogleUtilities/Reachability (= 7.12.0)
    - GoogleUtilities/SwizzlerTestHelpers (= 7.12.0)
    - GoogleUtilities/UserDefaults (= 7.12.0)
  - GoogleUtilities/AppDelegateSwizzler (7.12.0):
    - GoogleUtilities/Environment
    - GoogleUtilities/Logger
    - GoogleUtilities/Network
  - GoogleUtilities/Environment (7.12.0):
    - PromisesObjC (< 3.0, >= 1.2)
  - GoogleUtilities/ISASwizzler (7.12.0)
  - GoogleUtilities/Logger (7.12.0):
    - GoogleUtilities/Environment
  - GoogleUtilities/MethodSwizzler (7.12.0):
    - GoogleUtilities/Logger
  - GoogleUtilities/Network (7.12.0):
    - GoogleUtilities/Logger
    - "GoogleUtilities/NSData+zlib"
    - GoogleUtilities/Reachability
  - "GoogleUtilities/NSData+zlib (7.12.0)"
  - GoogleUtilities/Reachability (7.12.0):
    - GoogleUtilities/Logger
  - GoogleUtilities/SwizzlerTestHelpers (7.12.0):
    - GoogleUtilities/MethodSwizzler
  - GoogleUtilities/UserDefaults (7.12.0):
    - GoogleUtilities/Logger
  - MMKV (1.3.4):
    - MMKVCore (~> 1.3.4)
  - MMKVCore (1.3.4)
  - nanopb (2.30909.1):
    - nanopb/decode (= 2.30909.1)
    - nanopb/encode (= 2.30909.1)
  - nanopb/decode (2.30909.1)
  - nanopb/encode (2.30909.1)
  - Permission-Camera (3.8.3):
    - RNPermissions
  - Permission-Notifications (3.8.3):
    - RNPermissions
  - PromisesObjC (2.3.1)
  - RCT-Folly (2021.07.22.00):
    - boost
    - DoubleConversion
    - fmt (~> 6.2.1)
    - glog
    - RCT-Folly/Default (= 2021.07.22.00)
  - RCT-Folly/Default (2021.07.22.00):
    - boost
    - DoubleConversion
    - fmt (~> 6.2.1)
    - glog
  - RCTRequired (0.72.9)
  - RCTTypeSafety (0.72.9):
    - FBLazyVector (= 0.72.9)
    - RCTRequired (= 0.72.9)
    - React-Core (= 0.72.9)
  - React (0.72.9):
    - React-Core (= 0.72.9)
    - React-Core/DevSupport (= 0.72.9)
    - React-Core/RCTWebSocket (= 0.72.9)
    - React-RCTActionSheet (= 0.72.9)
    - React-RCTAnimation (= 0.72.9)
    - React-RCTBlob (= 0.72.9)
    - React-RCTImage (= 0.72.9)
    - React-RCTLinking (= 0.72.9)
    - React-RCTNetwork (= 0.72.9)
    - React-RCTSettings (= 0.72.9)
    - React-RCTText (= 0.72.9)
    - React-RCTVibration (= 0.72.9)
  - React-callinvoker (0.72.9)
  - React-Codegen (0.72.9):
    - DoubleConversion
    - FBReactNativeSpec
    - glog
    - RCT-Folly
    - RCTRequired
    - RCTTypeSafety
    - React-Core
    - React-jsc
    - React-jsi
    - React-jsiexecutor
    - React-NativeModulesApple
    - React-rncore
    - ReactCommon/turbomodule/bridging
    - ReactCommon/turbomodule/core
  - React-Core (0.72.9):
    - glog
    - RCT-Folly (= 2021.07.22.00)
    - React-Core/Default (= 0.72.9)
    - React-cxxreact
    - React-jsc
    - React-jsi
    - React-jsiexecutor
    - React-perflogger
    - React-runtimeexecutor
    - React-utils
    - SocketRocket (= 0.6.1)
    - Yoga
  - React-Core/CoreModulesHeaders (0.72.9):
    - glog
    - RCT-Folly (= 2021.07.22.00)
    - React-Core/Default
    - React-cxxreact
    - React-jsc
    - React-jsi
    - React-jsiexecutor
    - React-perflogger
    - React-runtimeexecutor
    - React-utils
    - SocketRocket (= 0.6.1)
    - Yoga
  - React-Core/Default (0.72.9):
    - glog
    - RCT-Folly (= 2021.07.22.00)
    - React-cxxreact
    - React-jsc
    - React-jsi
    - React-jsiexecutor
    - React-perflogger
    - React-runtimeexecutor
    - React-utils
    - SocketRocket (= 0.6.1)
    - Yoga
  - React-Core/DevSupport (0.72.9):
    - glog
    - RCT-Folly (= 2021.07.22.00)
    - React-Core/Default (= 0.72.9)
    - React-Core/RCTWebSocket (= 0.72.9)
    - React-cxxreact
    - React-jsc
    - React-jsi
    - React-jsiexecutor
    - React-jsinspector (= 0.72.9)
    - React-perflogger
    - React-runtimeexecutor
    - React-utils
    - SocketRocket (= 0.6.1)
    - Yoga
  - React-Core/RCTActionSheetHeaders (0.72.9):
    - glog
    - RCT-Folly (= 2021.07.22.00)
    - React-Core/Default
    - React-cxxreact
    - React-jsc
    - React-jsi
    - React-jsiexecutor
    - React-perflogger
    - React-runtimeexecutor
    - React-utils
    - SocketRocket (= 0.6.1)
    - Yoga
  - React-Core/RCTAnimationHeaders (0.72.9):
    - glog
    - RCT-Folly (= 2021.07.22.00)
    - React-Core/Default
    - React-cxxreact
    - React-jsc
    - React-jsi
    - React-jsiexecutor
    - React-perflogger
    - React-runtimeexecutor
    - React-utils
    - SocketRocket (= 0.6.1)
    - Yoga
  - React-Core/RCTBlobHeaders (0.72.9):
    - glog
    - RCT-Folly (= 2021.07.22.00)
    - React-Core/Default
    - React-cxxreact
    - React-jsc
    - React-jsi
    - React-jsiexecutor
    - React-perflogger
    - React-runtimeexecutor
    - React-utils
    - SocketRocket (= 0.6.1)
    - Yoga
  - React-Core/RCTImageHeaders (0.72.9):
    - glog
    - RCT-Folly (= 2021.07.22.00)
    - React-Core/Default
    - React-cxxreact
    - React-jsc
    - React-jsi
    - React-jsiexecutor
    - React-perflogger
    - React-runtimeexecutor
    - React-utils
    - SocketRocket (= 0.6.1)
    - Yoga
  - React-Core/RCTLinkingHeaders (0.72.9):
    - glog
    - RCT-Folly (= 2021.07.22.00)
    - React-Core/Default
    - React-cxxreact
    - React-jsc
    - React-jsi
    - React-jsiexecutor
    - React-perflogger
    - React-runtimeexecutor
    - React-utils
    - SocketRocket (= 0.6.1)
    - Yoga
  - React-Core/RCTNetworkHeaders (0.72.9):
    - glog
    - RCT-Folly (= 2021.07.22.00)
    - React-Core/Default
    - React-cxxreact
    - React-jsc
    - React-jsi
    - React-jsiexecutor
    - React-perflogger
    - React-runtimeexecutor
    - React-utils
    - SocketRocket (= 0.6.1)
    - Yoga
  - React-Core/RCTSettingsHeaders (0.72.9):
    - glog
    - RCT-Folly (= 2021.07.22.00)
    - React-Core/Default
    - React-cxxreact
    - React-jsc
    - React-jsi
    - React-jsiexecutor
    - React-perflogger
    - React-runtimeexecutor
    - React-utils
    - SocketRocket (= 0.6.1)
    - Yoga
  - React-Core/RCTTextHeaders (0.72.9):
    - glog
    - RCT-Folly (= 2021.07.22.00)
    - React-Core/Default
    - React-cxxreact
    - React-jsc
    - React-jsi
    - React-jsiexecutor
    - React-perflogger
    - React-runtimeexecutor
    - React-utils
    - SocketRocket (= 0.6.1)
    - Yoga
  - React-Core/RCTVibrationHeaders (0.72.9):
    - glog
    - RCT-Folly (= 2021.07.22.00)
    - React-Core/Default
    - React-cxxreact
    - React-jsc
    - React-jsi
    - React-jsiexecutor
    - React-perflogger
    - React-runtimeexecutor
    - React-utils
    - SocketRocket (= 0.6.1)
    - Yoga
  - React-Core/RCTWebSocket (0.72.9):
    - glog
    - RCT-Folly (= 2021.07.22.00)
    - React-Core/Default (= 0.72.9)
    - React-cxxreact
    - React-jsc
    - React-jsi
    - React-jsiexecutor
    - React-perflogger
    - React-runtimeexecutor
    - React-utils
    - SocketRocket (= 0.6.1)
    - Yoga
  - React-CoreModules (0.72.9):
    - RCT-Folly (= 2021.07.22.00)
    - RCTTypeSafety (= 0.72.9)
    - React-Codegen (= 0.72.9)
    - React-Core/CoreModulesHeaders (= 0.72.9)
    - React-jsi (= 0.72.9)
    - React-RCTBlob
    - React-RCTImage (= 0.72.9)
    - ReactCommon/turbomodule/core (= 0.72.9)
    - SocketRocket (= 0.6.1)
  - React-cxxreact (0.72.9):
    - boost (= 1.76.0)
    - DoubleConversion
    - glog
    - RCT-Folly (= 2021.07.22.00)
    - React-callinvoker (= 0.72.9)
    - React-debug (= 0.72.9)
    - React-jsi (= 0.72.9)
    - React-jsinspector (= 0.72.9)
    - React-logger (= 0.72.9)
    - React-perflogger (= 0.72.9)
    - React-runtimeexecutor (= 0.72.9)
  - React-debug (0.72.9)
  - React-jsc (0.72.9):
    - React-jsc/Fabric (= 0.72.9)
    - React-jsi (= 0.72.9)
  - React-jsc/Fabric (0.72.9):
    - React-jsi (= 0.72.9)
  - React-jsi (0.72.9):
    - boost (= 1.76.0)
    - DoubleConversion
    - glog
    - RCT-Folly (= 2021.07.22.00)
  - React-jsiexecutor (0.72.9):
    - DoubleConversion
    - glog
    - RCT-Folly (= 2021.07.22.00)
    - React-cxxreact (= 0.72.9)
    - React-jsi (= 0.72.9)
    - React-perflogger (= 0.72.9)
  - React-jsinspector (0.72.9)
  - React-logger (0.72.9):
    - glog
  - react-native-compat (2.17.0):
    - RCT-Folly (= 2021.07.22.00)
    - React-Core
  - react-native-get-random-values (1.11.0):
    - React-Core
  - react-native-mmkv (2.12.2):
    - MMKV (>= 1.3.3)
    - RCT-Folly (= 2021.07.22.00)
    - React-Core
  - react-native-netinfo (11.4.1):
    - React-Core
  - react-native-pager-view (5.4.25):
    - React-Core
  - react-native-randombytes (3.6.1):
    - React-Core
  - react-native-restart (0.0.27):
    - React-Core
  - react-native-safe-area-context (4.6.4):
    - RCT-Folly
    - RCTRequired
    - RCTTypeSafety
    - React-Core
    - ReactCommon/turbomodule/core
  - react-native-version-number (0.3.6):
    - React
  - React-NativeModulesApple (0.72.9):
    - React-callinvoker
    - React-Core
    - React-cxxreact
    - React-jsi
    - React-runtimeexecutor
    - ReactCommon/turbomodule/bridging
    - ReactCommon/turbomodule/core
  - React-perflogger (0.72.9)
  - React-RCTActionSheet (0.72.9):
    - React-Core/RCTActionSheetHeaders (= 0.72.9)
  - React-RCTAnimation (0.72.9):
    - RCT-Folly (= 2021.07.22.00)
    - RCTTypeSafety (= 0.72.9)
    - React-Codegen (= 0.72.9)
    - React-Core/RCTAnimationHeaders (= 0.72.9)
    - React-jsi (= 0.72.9)
    - ReactCommon/turbomodule/core (= 0.72.9)
  - React-RCTAppDelegate (0.72.9):
    - RCT-Folly
    - RCTRequired
    - RCTTypeSafety
    - React-Core
    - React-CoreModules
    - React-jsc
    - React-NativeModulesApple
    - React-RCTImage
    - React-RCTNetwork
    - React-runtimescheduler
    - ReactCommon/turbomodule/core
  - React-RCTBlob (0.72.9):
    - RCT-Folly (= 2021.07.22.00)
    - React-Codegen (= 0.72.9)
    - React-Core/RCTBlobHeaders (= 0.72.9)
    - React-Core/RCTWebSocket (= 0.72.9)
    - React-jsi (= 0.72.9)
    - React-RCTNetwork (= 0.72.9)
    - ReactCommon/turbomodule/core (= 0.72.9)
  - React-RCTImage (0.72.9):
    - RCT-Folly (= 2021.07.22.00)
    - RCTTypeSafety (= 0.72.9)
    - React-Codegen (= 0.72.9)
    - React-Core/RCTImageHeaders (= 0.72.9)
    - React-jsi (= 0.72.9)
    - React-RCTNetwork (= 0.72.9)
    - ReactCommon/turbomodule/core (= 0.72.9)
  - React-RCTLinking (0.72.9):
    - React-Codegen (= 0.72.9)
    - React-Core/RCTLinkingHeaders (= 0.72.9)
    - React-jsi (= 0.72.9)
    - ReactCommon/turbomodule/core (= 0.72.9)
  - React-RCTNetwork (0.72.9):
    - RCT-Folly (= 2021.07.22.00)
    - RCTTypeSafety (= 0.72.9)
    - React-Codegen (= 0.72.9)
    - React-Core/RCTNetworkHeaders (= 0.72.9)
    - React-jsi (= 0.72.9)
    - ReactCommon/turbomodule/core (= 0.72.9)
  - React-RCTSettings (0.72.9):
    - RCT-Folly (= 2021.07.22.00)
    - RCTTypeSafety (= 0.72.9)
    - React-Codegen (= 0.72.9)
    - React-Core/RCTSettingsHeaders (= 0.72.9)
    - React-jsi (= 0.72.9)
    - ReactCommon/turbomodule/core (= 0.72.9)
  - React-RCTText (0.72.9):
    - React-Core/RCTTextHeaders (= 0.72.9)
  - React-RCTVibration (0.72.9):
    - RCT-Folly (= 2021.07.22.00)
    - React-Codegen (= 0.72.9)
    - React-Core/RCTVibrationHeaders (= 0.72.9)
    - React-jsi (= 0.72.9)
    - ReactCommon/turbomodule/core (= 0.72.9)
  - React-rncore (0.72.9)
  - React-runtimeexecutor (0.72.9):
    - React-jsi (= 0.72.9)
  - React-runtimescheduler (0.72.9):
    - glog
    - RCT-Folly (= 2021.07.22.00)
    - React-callinvoker
    - React-debug
    - React-jsi
    - React-runtimeexecutor
  - React-utils (0.72.9):
    - glog
    - RCT-Folly (= 2021.07.22.00)
    - React-debug
  - ReactCommon/turbomodule/bridging (0.72.9):
    - DoubleConversion
    - glog
    - RCT-Folly (= 2021.07.22.00)
    - React-callinvoker (= 0.72.9)
    - React-cxxreact (= 0.72.9)
    - React-jsi (= 0.72.9)
    - React-logger (= 0.72.9)
    - React-perflogger (= 0.72.9)
  - ReactCommon/turbomodule/core (0.72.9):
    - DoubleConversion
    - glog
    - RCT-Folly (= 2021.07.22.00)
    - React-callinvoker (= 0.72.9)
    - React-cxxreact (= 0.72.9)
    - React-jsi (= 0.72.9)
    - React-logger (= 0.72.9)
    - React-perflogger (= 0.72.9)
  - ReactNativeCameraKit (13.0.0):
    - React-Core
  - ReactNativeExceptionHandler (2.10.10):
    - React-Core
  - RNCAsyncStorage (1.19.0):
    - React-Core
  - RNDeviceInfo (8.7.1):
    - React-Core
  - RNFBApp (16.7.0):
    - Firebase/CoreOnly (= 10.3.0)
    - React-Core
  - RNFBMessaging (16.7.0):
    - Firebase/Messaging (= 10.3.0)
    - FirebaseCoreExtension (= 10.3.0)
    - React-Core
    - RNFBApp
  - RNGestureHandler (2.13.1):
    - React-Core
  - RNKeychain (8.1.1):
    - React-Core
  - RNLocalize (2.2.6):
    - React-Core
  - RNNotifee (5.7.0):
    - React-Core
    - RNNotifee/NotifeeCore (= 5.7.0)
  - RNNotifee/NotifeeCore (5.7.0):
    - React-Core
  - RNPermissions (3.8.3):
    - React-Core
  - RNReanimated (3.5.4):
    - DoubleConversion
    - FBLazyVector
    - glog
    - RCT-Folly
    - RCTRequired
    - RCTTypeSafety
    - React-callinvoker
    - React-Core
    - React-Core/DevSupport
    - React-Core/RCTWebSocket
    - React-CoreModules
    - React-cxxreact
    - React-jsi
    - React-jsiexecutor
    - React-jsinspector
    - React-RCTActionSheet
    - React-RCTAnimation
    - React-RCTAppDelegate
    - React-RCTBlob
    - React-RCTImage
    - React-RCTLinking
    - React-RCTNetwork
    - React-RCTSettings
    - React-RCTText
    - ReactCommon/turbomodule/core
    - Yoga
  - RNScreens (3.22.1):
    - React-Core
    - React-RCTImage
  - RNSentry (5.31.0):
    - RCT-Folly (= 2021.07.22.00)
    - React-Core
    - Sentry/HybridSDK (= 8.36.0)
  - RNSVG (13.10.0):
    - React-Core
  - RNVectorIcons (9.2.0):
    - React-Core
  - Sentry/HybridSDK (8.36.0)
  - SocketRocket (0.6.1)
  - Yoga (1.14.0)

DEPENDENCIES:
  - boost (from `../node_modules/react-native/third-party-podspecs/boost.podspec`)
  - DoubleConversion (from `../node_modules/react-native/third-party-podspecs/DoubleConversion.podspec`)
  - FBLazyVector (from `../node_modules/react-native/Libraries/FBLazyVector`)
  - FBReactNativeSpec (from `../node_modules/react-native/React/FBReactNativeSpec`)
  - glog (from `../node_modules/react-native/third-party-podspecs/glog.podspec`)
  - GoogleUtilities
  - Permission-Camera (from `../node_modules/react-native-permissions/ios/Camera`)
  - Permission-Notifications (from `../node_modules/react-native-permissions/ios/Notifications`)
  - RCT-Folly (from `../node_modules/react-native/third-party-podspecs/RCT-Folly.podspec`)
  - RCTRequired (from `../node_modules/react-native/Libraries/RCTRequired`)
  - RCTTypeSafety (from `../node_modules/react-native/Libraries/TypeSafety`)
  - React (from `../node_modules/react-native/`)
  - React-callinvoker (from `../node_modules/react-native/ReactCommon/callinvoker`)
  - React-Codegen (from `build/generated/ios`)
  - React-Core (from `../node_modules/react-native/`)
  - React-Core/RCTWebSocket (from `../node_modules/react-native/`)
  - React-CoreModules (from `../node_modules/react-native/React/CoreModules`)
  - React-cxxreact (from `../node_modules/react-native/ReactCommon/cxxreact`)
  - React-debug (from `../node_modules/react-native/ReactCommon/react/debug`)
  - React-jsc (from `../node_modules/react-native/ReactCommon/jsc`)
  - React-jsi (from `../node_modules/react-native/ReactCommon/jsi`)
  - React-jsiexecutor (from `../node_modules/react-native/ReactCommon/jsiexecutor`)
  - React-jsinspector (from `../node_modules/react-native/ReactCommon/jsinspector`)
  - React-logger (from `../node_modules/react-native/ReactCommon/logger`)
  - "react-native-compat (from `../node_modules/@walletconnect/react-native-compat`)"
  - react-native-get-random-values (from `../node_modules/react-native-get-random-values`)
  - react-native-mmkv (from `../node_modules/react-native-mmkv`)
  - "react-native-netinfo (from `../node_modules/@react-native-community/netinfo`)"
  - react-native-pager-view (from `../node_modules/react-native-pager-view`)
  - react-native-randombytes (from `../node_modules/react-native-randombytes`)
  - react-native-restart (from `../node_modules/react-native-restart`)
  - react-native-safe-area-context (from `../node_modules/react-native-safe-area-context`)
  - react-native-version-number (from `../node_modules/react-native-version-number`)
  - React-NativeModulesApple (from `../node_modules/react-native/ReactCommon/react/nativemodule/core/platform/ios`)
  - React-perflogger (from `../node_modules/react-native/ReactCommon/reactperflogger`)
  - React-RCTActionSheet (from `../node_modules/react-native/Libraries/ActionSheetIOS`)
  - React-RCTAnimation (from `../node_modules/react-native/Libraries/NativeAnimation`)
  - React-RCTAppDelegate (from `../node_modules/react-native/Libraries/AppDelegate`)
  - React-RCTBlob (from `../node_modules/react-native/Libraries/Blob`)
  - React-RCTImage (from `../node_modules/react-native/Libraries/Image`)
  - React-RCTLinking (from `../node_modules/react-native/Libraries/LinkingIOS`)
  - React-RCTNetwork (from `../node_modules/react-native/Libraries/Network`)
  - React-RCTSettings (from `../node_modules/react-native/Libraries/Settings`)
  - React-RCTText (from `../node_modules/react-native/Libraries/Text`)
  - React-RCTVibration (from `../node_modules/react-native/Libraries/Vibration`)
  - React-rncore (from `../node_modules/react-native/ReactCommon`)
  - React-runtimeexecutor (from `../node_modules/react-native/ReactCommon/runtimeexecutor`)
  - React-runtimescheduler (from `../node_modules/react-native/ReactCommon/react/renderer/runtimescheduler`)
  - React-utils (from `../node_modules/react-native/ReactCommon/react/utils`)
  - ReactCommon/turbomodule/core (from `../node_modules/react-native/ReactCommon`)
  - ReactNativeCameraKit (from `../node_modules/react-native-camera-kit`)
  - ReactNativeExceptionHandler (from `../node_modules/react-native-exception-handler`)
  - "RNCAsyncStorage (from `../node_modules/@react-native-async-storage/async-storage`)"
  - RNDeviceInfo (from `../node_modules/react-native-device-info`)
  - "RNFBApp (from `../node_modules/@react-native-firebase/app`)"
  - "RNFBMessaging (from `../node_modules/@react-native-firebase/messaging`)"
  - RNGestureHandler (from `../node_modules/react-native-gesture-handler`)
  - RNKeychain (from `../node_modules/react-native-keychain`)
  - RNLocalize (from `../node_modules/react-native-localize`)
  - "RNNotifee (from `../node_modules/@notifee/react-native`)"
  - RNPermissions (from `../node_modules/react-native-permissions`)
  - RNReanimated (from `../node_modules/react-native-reanimated`)
  - RNScreens (from `../node_modules/react-native-screens`)
  - "RNSentry (from `../node_modules/@sentry/react-native`)"
  - RNSVG (from `../node_modules/react-native-svg`)
  - RNVectorIcons (from `../node_modules/react-native-vector-icons`)
  - Yoga (from `../node_modules/react-native/ReactCommon/yoga`)

SPEC REPOS:
  trunk:
    - Firebase
    - FirebaseCore
    - FirebaseCoreExtension
    - FirebaseCoreInternal
    - FirebaseInstallations
    - FirebaseMessaging
    - fmt
    - GoogleDataTransport
    - GoogleUtilities
    - MMKV
    - MMKVCore
    - nanopb
    - PromisesObjC
    - Sentry
    - SocketRocket

EXTERNAL SOURCES:
  boost:
    :podspec: "../node_modules/react-native/third-party-podspecs/boost.podspec"
  DoubleConversion:
    :podspec: "../node_modules/react-native/third-party-podspecs/DoubleConversion.podspec"
  FBLazyVector:
    :path: "../node_modules/react-native/Libraries/FBLazyVector"
  FBReactNativeSpec:
    :path: "../node_modules/react-native/React/FBReactNativeSpec"
  glog:
    :podspec: "../node_modules/react-native/third-party-podspecs/glog.podspec"
  Permission-Camera:
    :path: "../node_modules/react-native-permissions/ios/Camera"
  Permission-Notifications:
    :path: "../node_modules/react-native-permissions/ios/Notifications"
  RCT-Folly:
    :podspec: "../node_modules/react-native/third-party-podspecs/RCT-Folly.podspec"
  RCTRequired:
    :path: "../node_modules/react-native/Libraries/RCTRequired"
  RCTTypeSafety:
    :path: "../node_modules/react-native/Libraries/TypeSafety"
  React:
    :path: "../node_modules/react-native/"
  React-callinvoker:
    :path: "../node_modules/react-native/ReactCommon/callinvoker"
  React-Codegen:
    :path: build/generated/ios
  React-Core:
    :path: "../node_modules/react-native/"
  React-CoreModules:
    :path: "../node_modules/react-native/React/CoreModules"
  React-cxxreact:
    :path: "../node_modules/react-native/ReactCommon/cxxreact"
  React-debug:
    :path: "../node_modules/react-native/ReactCommon/react/debug"
  React-jsc:
    :path: "../node_modules/react-native/ReactCommon/jsc"
  React-jsi:
    :path: "../node_modules/react-native/ReactCommon/jsi"
  React-jsiexecutor:
    :path: "../node_modules/react-native/ReactCommon/jsiexecutor"
  React-jsinspector:
    :path: "../node_modules/react-native/ReactCommon/jsinspector"
  React-logger:
    :path: "../node_modules/react-native/ReactCommon/logger"
  react-native-compat:
    :path: "../node_modules/@walletconnect/react-native-compat"
  react-native-get-random-values:
    :path: "../node_modules/react-native-get-random-values"
  react-native-mmkv:
    :path: "../node_modules/react-native-mmkv"
  react-native-netinfo:
    :path: "../node_modules/@react-native-community/netinfo"
  react-native-pager-view:
    :path: "../node_modules/react-native-pager-view"
  react-native-randombytes:
    :path: "../node_modules/react-native-randombytes"
  react-native-restart:
    :path: "../node_modules/react-native-restart"
  react-native-safe-area-context:
    :path: "../node_modules/react-native-safe-area-context"
  react-native-version-number:
    :path: "../node_modules/react-native-version-number"
  React-NativeModulesApple:
    :path: "../node_modules/react-native/ReactCommon/react/nativemodule/core/platform/ios"
  React-perflogger:
    :path: "../node_modules/react-native/ReactCommon/reactperflogger"
  React-RCTActionSheet:
    :path: "../node_modules/react-native/Libraries/ActionSheetIOS"
  React-RCTAnimation:
    :path: "../node_modules/react-native/Libraries/NativeAnimation"
  React-RCTAppDelegate:
    :path: "../node_modules/react-native/Libraries/AppDelegate"
  React-RCTBlob:
    :path: "../node_modules/react-native/Libraries/Blob"
  React-RCTImage:
    :path: "../node_modules/react-native/Libraries/Image"
  React-RCTLinking:
    :path: "../node_modules/react-native/Libraries/LinkingIOS"
  React-RCTNetwork:
    :path: "../node_modules/react-native/Libraries/Network"
  React-RCTSettings:
    :path: "../node_modules/react-native/Libraries/Settings"
  React-RCTText:
    :path: "../node_modules/react-native/Libraries/Text"
  React-RCTVibration:
    :path: "../node_modules/react-native/Libraries/Vibration"
  React-rncore:
    :path: "../node_modules/react-native/ReactCommon"
  React-runtimeexecutor:
    :path: "../node_modules/react-native/ReactCommon/runtimeexecutor"
  React-runtimescheduler:
    :path: "../node_modules/react-native/ReactCommon/react/renderer/runtimescheduler"
  React-utils:
    :path: "../node_modules/react-native/ReactCommon/react/utils"
  ReactCommon:
    :path: "../node_modules/react-native/ReactCommon"
  ReactNativeCameraKit:
    :path: "../node_modules/react-native-camera-kit"
  ReactNativeExceptionHandler:
    :path: "../node_modules/react-native-exception-handler"
  RNCAsyncStorage:
    :path: "../node_modules/@react-native-async-storage/async-storage"
  RNDeviceInfo:
    :path: "../node_modules/react-native-device-info"
  RNFBApp:
    :path: "../node_modules/@react-native-firebase/app"
  RNFBMessaging:
    :path: "../node_modules/@react-native-firebase/messaging"
  RNGestureHandler:
    :path: "../node_modules/react-native-gesture-handler"
  RNKeychain:
    :path: "../node_modules/react-native-keychain"
  RNLocalize:
    :path: "../node_modules/react-native-localize"
  RNNotifee:
    :path: "../node_modules/@notifee/react-native"
  RNPermissions:
    :path: "../node_modules/react-native-permissions"
  RNReanimated:
    :path: "../node_modules/react-native-reanimated"
  RNScreens:
    :path: "../node_modules/react-native-screens"
  RNSentry:
    :path: "../node_modules/@sentry/react-native"
  RNSVG:
    :path: "../node_modules/react-native-svg"
  RNVectorIcons:
    :path: "../node_modules/react-native-vector-icons"
  Yoga:
    :path: "../node_modules/react-native/ReactCommon/yoga"

SPEC CHECKSUMS:
  boost: 7dcd2de282d72e344012f7d6564d024930a6a440
  DoubleConversion: 5189b271737e1565bdce30deb4a08d647e3f5f54
  FBLazyVector: dc178b8748748c036ef9493a5d59d6d1f91a36ce
  FBReactNativeSpec: d0aaae78e93c89dc2d691d8052a4d2aeb1b461ee
  Firebase: f92fc551ead69c94168d36c2b26188263860acd9
  FirebaseCore: 988754646ab3bd4bdcb740f1bfe26b9f6c0d5f2a
  FirebaseCoreExtension: 93d252fabdc9696bf14a73b04d84877ab9b3a832
  FirebaseCoreInternal: 8eb002e564b533bdcf1ba011f33f2b5c10e2ed4a
  FirebaseInstallations: e842042ec6ac1fd2e37d7706363ebe7f662afea4
  FirebaseMessaging: e345b219fd15d325f0cf2fef28cb8ce00d851b3f
  fmt: ff9d55029c625d3757ed641535fd4a75fedc7ce9
  glog: 04b94705f318337d7ead9e6d17c019bd9b1f6b1b
  GoogleDataTransport: 57c22343ab29bc686febbf7cbb13bad167c2d8fe
  GoogleUtilities: 0759d1a57ebb953965c2dfe0ba4c82e95ccc2e34
  MMKV: ed58ad794b3f88c24d604a5b74f3fba17fcbaf74
  MMKVCore: a67a1cede26175c413176f404a7cedec43f96a0b
  nanopb: d4d75c12cd1316f4a64e3c6963f879ecd4b5e0d5
  Permission-Camera: f829da0c6648f19c50be3c48048d82e20f0eadfc
  Permission-Notifications: 93728c1237e4967c86e66e3840f24570d679084d
  PromisesObjC: c50d2056b5253dadbd6c2bea79b0674bd5a52fa4
  RCT-Folly: 8dc08ca5a393b48b1c523ab6220dfdcc0fe000ad
  RCTRequired: f30c3213569b1dc43659ecc549a6536e1e11139e
  RCTTypeSafety: e1ed3137728804fa98bce30b70e3da0b8e23054e
  React: 54070abee263d5773486987f1cf3a3616710ed52
  React-callinvoker: 794ea19cc4d8ce25921893141e131b9d6b7d02eb
  React-Codegen: ec2e8a9e3f1e4c32327e1945d0448580874e5397
  React-Core: 6d937c6bd602f36431354317ec424634fb21c6a3
  React-CoreModules: 09a612e281b8cada34b237b613a1fbb1ee3c1885
  React-cxxreact: a553b8c858b0e738661b3d93c68d25ca3f91c210
  React-debug: a5f8180f9f077294a24c4d28280dc05917d872a9
  React-jsc: 44ec1ce4171f4b6776810618da8e3da45899ea77
  React-jsi: 37de3d4ffc680f2f89546eff180bfbc7d1ced329
  React-jsiexecutor: 5be89a6bee1fba437c47ed137caf020d3f1656b0
  React-jsinspector: 54205b269da20c51417e0fc02c4cde9f29a4bf1a
  React-logger: 81785c91d2fcc517657ff456c106c6d8e9ec4110
  react-native-compat: 680b935f290a2fc09b1baecbc0a62ed384186292
  react-native-get-random-values: d16467cf726c618e9c7a8c3c39c31faa2244bbba
  react-native-mmkv: 7cec21d9383a4261e8d732104dfddb18ec8cc71c
  react-native-netinfo: cec9c4e86083cb5b6aba0e0711f563e2fbbff187
  react-native-pager-view: 873aef831fb4fe6e1a2e1ba7a79857e240dea380
  react-native-randombytes: 3c8f3e89d12487fd03a2f966c288d495415fc116
  react-native-restart: 0bc732f4461709022a742bb29bcccf6bbc5b4863
  react-native-safe-area-context: f7b689d77c2b0dde4f9a396d554c912df72feb72
  react-native-version-number: 3d74b5224ca4e1032b1593937d86d3f3c94bf95c
  React-NativeModulesApple: 6a8c2f54e037e31c2d9fe1eb4896364c3a26b737
  React-perflogger: cb433f318c6667060fc1f62e26eb58d6eb30a627
  React-RCTActionSheet: 0af3f8ac067e8a1dde902810b7ad169d0a0ec31e
  React-RCTAnimation: dae467c667a2364ce91f7f76403a53af67c9f6a8
  React-RCTAppDelegate: 50899fe3dc397a93c35b6a361c768ebe9a5bc890
  React-RCTBlob: 6fd06db2b881a10a9e0482e56b2e6478e0fa8f83
  React-RCTImage: af1c6419337d41d1560e9fa26a7285d0144f5c7c
  React-RCTLinking: 2c44416944b824a308bcfe7a4eaed2fbe2cfc47e
  React-RCTNetwork: 2389ec5f6223e1ad9d5a2f52af0de7ba91470384
  React-RCTSettings: 70567b2d59023dc8d43ed2e7e2c79dad74f4f03f
  React-RCTText: a062ade9ff1591c46bcb6c5055fd4f96c154b8aa
  React-RCTVibration: d2ba634656f8d806827107089c160717350420eb
  React-rncore: b4d5c811ee67a57f27b148e3bb59643ccee10ce4
  React-runtimeexecutor: 226ebef5f625878d3028b196cbecbbdeb6f208e4
  React-runtimescheduler: 9d5ad63858dc23c3141e11f58f7dfe6bc430a4a6
  React-utils: b74047488a8efe1790b016bd50788b2b0bd4566c
  ReactCommon: ed8c3591513c3342367f1ca75a67088c441a9ab0
  ReactNativeCameraKit: f058d47e0b1e55fd819bb55ee16505a2e0ca53db
  ReactNativeExceptionHandler: a23922ca00122b050ae9412f960061791c232c47
  RNCAsyncStorage: b33ba15f623939b6e244cbb93863bcf01c409e0f
  RNDeviceInfo: d3e91ffb33ee97a7982108476edb68cb3672efa6
  RNFBApp: e21b5e2ee25cfffdf6e477628105434fdceb6272
  RNFBMessaging: bafb0925fa53f5bc11186d92fa8eff922f125e41
  RNGestureHandler: 948abd08abb9c6a5b788a2d16b3a106ef65a720d
  RNKeychain: 3a8b12f0fdd0b967811a48d9e83d582fc2e483eb
  RNLocalize: 8bf466de4c92d4721b254aabe1ff0a1456e7b9f4
  RNNotifee: be8434a9e622f05808aaf7e2f02f30ed7dd0c67a
  RNPermissions: 48614f7dbd81823aeff50b56540f527cedfe5602
  RNReanimated: a954cbe1f0967ad8dc07cb7a6399821b87de48a5
  RNScreens: 39db1910d2ea9ae885dcda43086818e9f8b714d0
  RNSentry: fda75afd0f4b691950c54f27ac35852360e7e064
  RNSVG: 51fc2eb4e3fc8056fa19c34101461fc26a4326f9
  RNVectorIcons: 5784330be9dddb5474e8b378d5f6947996c84e55
  Sentry: f8374b5415bc38dfb5645941b3ae31230fbeae57
  SocketRocket: f32cd54efbe0f095c4d7594881e52619cfe80b17
  Yoga: eddf2bbe4a896454c248a8f23b4355891eb720a6

PODFILE CHECKSUM: c379b49373eebf615f8a8be068f2e216952ce46c

COCOAPODS: 1.16.2
