PODS:
  - boost (1.76.0)
  - DoubleConversion (1.1.6)
  - FBLazyVector (0.70.9)
  - FBReactNativeSpec (0.70.9):
    - RCT-Folly (= 2021.07.22.00)
    - RCTRequired (= 0.70.9)
    - RCTTypeSafety (= 0.70.9)
    - React-Core (= 0.70.9)
    - React-jsi (= 0.70.9)
    - ReactCommon/turbomodule/core (= 0.70.9)
  - Firebase/CoreOnly (10.3.0):
    - FirebaseCore (= 10.3.0)
  - Firebase/Messaging (10.3.0):
    - Firebase/CoreOnly
    - FirebaseMessaging (~> 10.3.0)
  - FirebaseCore (10.3.0):
    - FirebaseCoreInternal (~> 10.0)
    - GoogleUtilities/Environment (~> 7.8)
    - GoogleUtilities/Logger (~> 7.8)
  - FirebaseCoreExtension (10.3.0):
    - FirebaseCore (~> 10.0)
  - FirebaseCoreInternal (10.8.0):
    - "GoogleUtilities/NSData+zlib (~> 7.8)"
  - FirebaseInstallations (10.8.0):
    - FirebaseCore (~> 10.0)
    - GoogleUtilities/Environment (~> 7.8)
    - GoogleUtilities/UserDefaults (~> 7.8)
    - PromisesObjC (~> 2.1)
  - FirebaseMessaging (10.3.0):
    - FirebaseCore (~> 10.0)
    - FirebaseInstallations (~> 10.0)
    - GoogleDataTransport (~> 9.2)
    - GoogleUtilities/AppDelegateSwizzler (~> 7.8)
    - GoogleUtilities/Environment (~> 7.8)
    - GoogleUtilities/Reachability (~> 7.8)
    - GoogleUtilities/UserDefaults (~> 7.8)
    - nanopb (< 2.30910.0, >= 2.30908.0)
  - fmt (6.2.1)
  - glog (0.3.5)
  - GoogleDataTransport (9.2.2):
    - GoogleUtilities/Environment (~> 7.7)
    - nanopb (< 2.30910.0, >= 2.30908.0)
    - PromisesObjC (< 3.0, >= 1.2)
  - GoogleUtilities (7.11.1):
    - GoogleUtilities/AppDelegateSwizzler (= 7.11.1)
    - GoogleUtilities/Environment (= 7.11.1)
    - GoogleUtilities/ISASwizzler (= 7.11.1)
    - GoogleUtilities/Logger (= 7.11.1)
    - GoogleUtilities/MethodSwizzler (= 7.11.1)
    - GoogleUtilities/Network (= 7.11.1)
    - "GoogleUtilities/NSData+zlib (= 7.11.1)"
    - GoogleUtilities/Reachability (= 7.11.1)
    - GoogleUtilities/SwizzlerTestHelpers (= 7.11.1)
    - GoogleUtilities/UserDefaults (= 7.11.1)
  - GoogleUtilities/AppDelegateSwizzler (7.11.1):
    - GoogleUtilities/Environment
    - GoogleUtilities/Logger
    - GoogleUtilities/Network
  - GoogleUtilities/Environment (7.11.1):
    - PromisesObjC (< 3.0, >= 1.2)
  - GoogleUtilities/ISASwizzler (7.11.1)
  - GoogleUtilities/Logger (7.11.1):
    - GoogleUtilities/Environment
  - GoogleUtilities/MethodSwizzler (7.11.1):
    - GoogleUtilities/Logger
  - GoogleUtilities/Network (7.11.1):
    - GoogleUtilities/Logger
    - "GoogleUtilities/NSData+zlib"
    - GoogleUtilities/Reachability
  - "GoogleUtilities/NSData+zlib (7.11.1)"
  - GoogleUtilities/Reachability (7.11.1):
    - GoogleUtilities/Logger
  - GoogleUtilities/SwizzlerTestHelpers (7.11.1):
    - GoogleUtilities/MethodSwizzler
  - GoogleUtilities/UserDefaults (7.11.1):
    - GoogleUtilities/Logger
  - hermes-engine (0.70.9)
  - libevent (2.1.12)
  - nanopb (2.30909.0):
    - nanopb/decode (= 2.30909.0)
    - nanopb/encode (= 2.30909.0)
  - nanopb/decode (2.30909.0)
  - nanopb/encode (2.30909.0)
  - Permission-Camera (3.8.3):
    - RNPermissions
  - Permission-Notifications (3.8.3):
    - RNPermissions
  - PromisesObjC (2.2.0)
  - RCT-Folly (2021.07.22.00):
    - boost
    - DoubleConversion
    - fmt (~> 6.2.1)
    - glog
    - RCT-Folly/Default (= 2021.07.22.00)
  - RCT-Folly/Default (2021.07.22.00):
    - boost
    - DoubleConversion
    - fmt (~> 6.2.1)
    - glog
  - RCT-Folly/Futures (2021.07.22.00):
    - boost
    - DoubleConversion
    - fmt (~> 6.2.1)
    - glog
    - libevent
  - RCTRequired (0.70.9)
  - RCTTypeSafety (0.70.9):
    - FBLazyVector (= 0.70.9)
    - RCTRequired (= 0.70.9)
    - React-Core (= 0.70.9)
  - React (0.70.9):
    - React-Core (= 0.70.9)
    - React-Core/DevSupport (= 0.70.9)
    - React-Core/RCTWebSocket (= 0.70.9)
    - React-RCTActionSheet (= 0.70.9)
    - React-RCTAnimation (= 0.70.9)
    - React-RCTBlob (= 0.70.9)
    - React-RCTImage (= 0.70.9)
    - React-RCTLinking (= 0.70.9)
    - React-RCTNetwork (= 0.70.9)
    - React-RCTSettings (= 0.70.9)
    - React-RCTText (= 0.70.9)
    - React-RCTVibration (= 0.70.9)
  - React-bridging (0.70.9):
    - RCT-Folly (= 2021.07.22.00)
    - React-jsi (= 0.70.9)
  - React-callinvoker (0.70.9)
  - React-Codegen (0.70.9):
    - FBReactNativeSpec (= 0.70.9)
    - RCT-Folly (= 2021.07.22.00)
    - RCTRequired (= 0.70.9)
    - RCTTypeSafety (= 0.70.9)
    - React-Core (= 0.70.9)
    - React-jsi (= 0.70.9)
    - React-jsiexecutor (= 0.70.9)
    - ReactCommon/turbomodule/core (= 0.70.9)
  - React-Core (0.70.9):
    - glog
    - RCT-Folly (= 2021.07.22.00)
    - React-Core/Default (= 0.70.9)
    - React-cxxreact (= 0.70.9)
    - React-jsi (= 0.70.9)
    - React-jsiexecutor (= 0.70.9)
    - React-perflogger (= 0.70.9)
    - Yoga
  - React-Core/CoreModulesHeaders (0.70.9):
    - glog
    - RCT-Folly (= 2021.07.22.00)
    - React-Core/Default
    - React-cxxreact (= 0.70.9)
    - React-jsi (= 0.70.9)
    - React-jsiexecutor (= 0.70.9)
    - React-perflogger (= 0.70.9)
    - Yoga
  - React-Core/Default (0.70.9):
    - glog
    - RCT-Folly (= 2021.07.22.00)
    - React-cxxreact (= 0.70.9)
    - React-jsi (= 0.70.9)
    - React-jsiexecutor (= 0.70.9)
    - React-perflogger (= 0.70.9)
    - Yoga
  - React-Core/DevSupport (0.70.9):
    - glog
    - RCT-Folly (= 2021.07.22.00)
    - React-Core/Default (= 0.70.9)
    - React-Core/RCTWebSocket (= 0.70.9)
    - React-cxxreact (= 0.70.9)
    - React-jsi (= 0.70.9)
    - React-jsiexecutor (= 0.70.9)
    - React-jsinspector (= 0.70.9)
    - React-perflogger (= 0.70.9)
    - Yoga
  - React-Core/RCTActionSheetHeaders (0.70.9):
    - glog
    - RCT-Folly (= 2021.07.22.00)
    - React-Core/Default
    - React-cxxreact (= 0.70.9)
    - React-jsi (= 0.70.9)
    - React-jsiexecutor (= 0.70.9)
    - React-perflogger (= 0.70.9)
    - Yoga
  - React-Core/RCTAnimationHeaders (0.70.9):
    - glog
    - RCT-Folly (= 2021.07.22.00)
    - React-Core/Default
    - React-cxxreact (= 0.70.9)
    - React-jsi (= 0.70.9)
    - React-jsiexecutor (= 0.70.9)
    - React-perflogger (= 0.70.9)
    - Yoga
  - React-Core/RCTBlobHeaders (0.70.9):
    - glog
    - RCT-Folly (= 2021.07.22.00)
    - React-Core/Default
    - React-cxxreact (= 0.70.9)
    - React-jsi (= 0.70.9)
    - React-jsiexecutor (= 0.70.9)
    - React-perflogger (= 0.70.9)
    - Yoga
  - React-Core/RCTImageHeaders (0.70.9):
    - glog
    - RCT-Folly (= 2021.07.22.00)
    - React-Core/Default
    - React-cxxreact (= 0.70.9)
    - React-jsi (= 0.70.9)
    - React-jsiexecutor (= 0.70.9)
    - React-perflogger (= 0.70.9)
    - Yoga
  - React-Core/RCTLinkingHeaders (0.70.9):
    - glog
    - RCT-Folly (= 2021.07.22.00)
    - React-Core/Default
    - React-cxxreact (= 0.70.9)
    - React-jsi (= 0.70.9)
    - React-jsiexecutor (= 0.70.9)
    - React-perflogger (= 0.70.9)
    - Yoga
  - React-Core/RCTNetworkHeaders (0.70.9):
    - glog
    - RCT-Folly (= 2021.07.22.00)
    - React-Core/Default
    - React-cxxreact (= 0.70.9)
    - React-jsi (= 0.70.9)
    - React-jsiexecutor (= 0.70.9)
    - React-perflogger (= 0.70.9)
    - Yoga
  - React-Core/RCTSettingsHeaders (0.70.9):
    - glog
    - RCT-Folly (= 2021.07.22.00)
    - React-Core/Default
    - React-cxxreact (= 0.70.9)
    - React-jsi (= 0.70.9)
    - React-jsiexecutor (= 0.70.9)
    - React-perflogger (= 0.70.9)
    - Yoga
  - React-Core/RCTTextHeaders (0.70.9):
    - glog
    - RCT-Folly (= 2021.07.22.00)
    - React-Core/Default
    - React-cxxreact (= 0.70.9)
    - React-jsi (= 0.70.9)
    - React-jsiexecutor (= 0.70.9)
    - React-perflogger (= 0.70.9)
    - Yoga
  - React-Core/RCTVibrationHeaders (0.70.9):
    - glog
    - RCT-Folly (= 2021.07.22.00)
    - React-Core/Default
    - React-cxxreact (= 0.70.9)
    - React-jsi (= 0.70.9)
    - React-jsiexecutor (= 0.70.9)
    - React-perflogger (= 0.70.9)
    - Yoga
  - React-Core/RCTWebSocket (0.70.9):
    - glog
    - RCT-Folly (= 2021.07.22.00)
    - React-Core/Default (= 0.70.9)
    - React-cxxreact (= 0.70.9)
    - React-jsi (= 0.70.9)
    - React-jsiexecutor (= 0.70.9)
    - React-perflogger (= 0.70.9)
    - Yoga
  - React-CoreModules (0.70.9):
    - RCT-Folly (= 2021.07.22.00)
    - RCTTypeSafety (= 0.70.9)
    - React-Codegen (= 0.70.9)
    - React-Core/CoreModulesHeaders (= 0.70.9)
    - React-jsi (= 0.70.9)
    - React-RCTImage (= 0.70.9)
    - ReactCommon/turbomodule/core (= 0.70.9)
  - React-cxxreact (0.70.9):
    - boost (= 1.76.0)
    - DoubleConversion
    - glog
    - RCT-Folly (= 2021.07.22.00)
    - React-callinvoker (= 0.70.9)
    - React-jsi (= 0.70.9)
    - React-jsinspector (= 0.70.9)
    - React-logger (= 0.70.9)
    - React-perflogger (= 0.70.9)
    - React-runtimeexecutor (= 0.70.9)
  - React-hermes (0.70.9):
    - DoubleConversion
    - glog
    - hermes-engine
    - RCT-Folly (= 2021.07.22.00)
    - RCT-Folly/Futures (= 2021.07.22.00)
    - React-cxxreact (= 0.70.9)
    - React-jsi (= 0.70.9)
    - React-jsiexecutor (= 0.70.9)
    - React-jsinspector (= 0.70.9)
    - React-perflogger (= 0.70.9)
  - React-jsi (0.70.9):
    - boost (= 1.76.0)
    - DoubleConversion
    - glog
    - RCT-Folly (= 2021.07.22.00)
    - React-jsi/Default (= 0.70.9)
  - React-jsi/Default (0.70.9):
    - boost (= 1.76.0)
    - DoubleConversion
    - glog
    - RCT-Folly (= 2021.07.22.00)
  - React-jsiexecutor (0.70.9):
    - DoubleConversion
    - glog
    - RCT-Folly (= 2021.07.22.00)
    - React-cxxreact (= 0.70.9)
    - React-jsi (= 0.70.9)
    - React-perflogger (= 0.70.9)
  - React-jsinspector (0.70.9)
  - React-logger (0.70.9):
    - glog
  - react-native-pager-view (5.4.25):
    - React-Core
  - react-native-randombytes (3.6.1):
    - React-Core
  - react-native-safe-area-context (4.6.4):
    - RCT-Folly
    - RCTRequired
    - RCTTypeSafety
    - React-Core
    - ReactCommon/turbomodule/core
  - react-native-version-number (0.3.6):
    - React
  - React-perflogger (0.70.9)
  - React-RCTActionSheet (0.70.9):
    - React-Core/RCTActionSheetHeaders (= 0.70.9)
  - React-RCTAnimation (0.70.9):
    - RCT-Folly (= 2021.07.22.00)
    - RCTTypeSafety (= 0.70.9)
    - React-Codegen (= 0.70.9)
    - React-Core/RCTAnimationHeaders (= 0.70.9)
    - React-jsi (= 0.70.9)
    - ReactCommon/turbomodule/core (= 0.70.9)
  - React-RCTBlob (0.70.9):
    - RCT-Folly (= 2021.07.22.00)
    - React-Codegen (= 0.70.9)
    - React-Core/RCTBlobHeaders (= 0.70.9)
    - React-Core/RCTWebSocket (= 0.70.9)
    - React-jsi (= 0.70.9)
    - React-RCTNetwork (= 0.70.9)
    - ReactCommon/turbomodule/core (= 0.70.9)
  - React-RCTImage (0.70.9):
    - RCT-Folly (= 2021.07.22.00)
    - RCTTypeSafety (= 0.70.9)
    - React-Codegen (= 0.70.9)
    - React-Core/RCTImageHeaders (= 0.70.9)
    - React-jsi (= 0.70.9)
    - React-RCTNetwork (= 0.70.9)
    - ReactCommon/turbomodule/core (= 0.70.9)
  - React-RCTLinking (0.70.9):
    - React-Codegen (= 0.70.9)
    - React-Core/RCTLinkingHeaders (= 0.70.9)
    - React-jsi (= 0.70.9)
    - ReactCommon/turbomodule/core (= 0.70.9)
  - React-RCTNetwork (0.70.9):
    - RCT-Folly (= 2021.07.22.00)
    - RCTTypeSafety (= 0.70.9)
    - React-Codegen (= 0.70.9)
    - React-Core/RCTNetworkHeaders (= 0.70.9)
    - React-jsi (= 0.70.9)
    - ReactCommon/turbomodule/core (= 0.70.9)
  - React-RCTSettings (0.70.9):
    - RCT-Folly (= 2021.07.22.00)
    - RCTTypeSafety (= 0.70.9)
    - React-Codegen (= 0.70.9)
    - React-Core/RCTSettingsHeaders (= 0.70.9)
    - React-jsi (= 0.70.9)
    - ReactCommon/turbomodule/core (= 0.70.9)
  - React-RCTText (0.70.9):
    - React-Core/RCTTextHeaders (= 0.70.9)
  - React-RCTVibration (0.70.9):
    - RCT-Folly (= 2021.07.22.00)
    - React-Codegen (= 0.70.9)
    - React-Core/RCTVibrationHeaders (= 0.70.9)
    - React-jsi (= 0.70.9)
    - ReactCommon/turbomodule/core (= 0.70.9)
  - React-runtimeexecutor (0.70.9):
    - React-jsi (= 0.70.9)
  - ReactCommon/turbomodule/core (0.70.9):
    - DoubleConversion
    - glog
    - RCT-Folly (= 2021.07.22.00)
    - React-bridging (= 0.70.9)
    - React-callinvoker (= 0.70.9)
    - React-Core (= 0.70.9)
    - React-cxxreact (= 0.70.9)
    - React-jsi (= 0.70.9)
    - React-logger (= 0.70.9)
    - React-perflogger (= 0.70.9)
  - ReactNativeCameraKit (13.0.0):
    - React-Core
  - ReactNativeExceptionHandler (2.10.10):
    - React-Core
  - RNCAsyncStorage (1.19.0):
    - React-Core
  - RNDeviceInfo (8.7.1):
    - React-Core
  - RNFBApp (16.7.0):
    - Firebase/CoreOnly (= 10.3.0)
    - React-Core
  - RNFBMessaging (16.7.0):
    - Firebase/Messaging (= 10.3.0)
    - FirebaseCoreExtension (= 10.3.0)
    - React-Core
    - RNFBApp
  - RNGestureHandler (2.8.0):
    - React-Core
  - RNKeychain (8.1.1):
    - React-Core
  - RNLocalize (2.2.6):
    - React-Core
  - RNNotifee (5.7.0):
    - React-Core
    - RNNotifee/NotifeeCore (= 5.7.0)
  - RNNotifee/NotifeeCore (5.7.0):
    - React-Core
  - RNPermissions (3.8.3):
    - React-Core
  - RNReanimated (2.17.0):
    - DoubleConversion
    - FBLazyVector
    - FBReactNativeSpec
    - glog
    - RCT-Folly
    - RCTRequired
    - RCTTypeSafety
    - React-callinvoker
    - React-Core
    - React-Core/DevSupport
    - React-Core/RCTWebSocket
    - React-CoreModules
    - React-cxxreact
    - React-jsi
    - React-jsiexecutor
    - React-jsinspector
    - React-RCTActionSheet
    - React-RCTAnimation
    - React-RCTBlob
    - React-RCTImage
    - React-RCTLinking
    - React-RCTNetwork
    - React-RCTSettings
    - React-RCTText
    - ReactCommon/turbomodule/core
    - Yoga
  - RNScreens (3.22.1):
    - React-Core
    - React-RCTImage
  - RNSentry (5.6.0):
    - React-Core
    - Sentry/HybridSDK (= 8.7.3)
  - RNSVG (13.10.0):
    - React-Core
  - RNVectorIcons (9.2.0):
    - React-Core
  - Sentry/HybridSDK (8.7.3):
    - SentryPrivate (= 8.7.3)
  - SentryPrivate (8.7.3)
  - Yoga (1.14.0)

DEPENDENCIES:
  - boost (from `../node_modules/react-native/third-party-podspecs/boost.podspec`)
  - DoubleConversion (from `../node_modules/react-native/third-party-podspecs/DoubleConversion.podspec`)
  - FBLazyVector (from `../node_modules/react-native/Libraries/FBLazyVector`)
  - FBReactNativeSpec (from `../node_modules/react-native/React/FBReactNativeSpec`)
  - glog (from `../node_modules/react-native/third-party-podspecs/glog.podspec`)
  - GoogleUtilities
  - hermes-engine (from `../node_modules/react-native/sdks/hermes/hermes-engine.podspec`)
  - libevent (~> 2.1.12)
  - Permission-Camera (from `../node_modules/react-native-permissions/ios/Camera`)
  - Permission-Notifications (from `../node_modules/react-native-permissions/ios/Notifications`)
  - RCT-Folly (from `../node_modules/react-native/third-party-podspecs/RCT-Folly.podspec`)
  - RCTRequired (from `../node_modules/react-native/Libraries/RCTRequired`)
  - RCTTypeSafety (from `../node_modules/react-native/Libraries/TypeSafety`)
  - React (from `../node_modules/react-native/`)
  - React-bridging (from `../node_modules/react-native/ReactCommon`)
  - React-callinvoker (from `../node_modules/react-native/ReactCommon/callinvoker`)
  - React-Codegen (from `build/generated/ios`)
  - React-Core (from `../node_modules/react-native/`)
  - React-Core/RCTWebSocket (from `../node_modules/react-native/`)
  - React-CoreModules (from `../node_modules/react-native/React/CoreModules`)
  - React-cxxreact (from `../node_modules/react-native/ReactCommon/cxxreact`)
  - React-hermes (from `../node_modules/react-native/ReactCommon/hermes`)
  - React-jsi (from `../node_modules/react-native/ReactCommon/jsi`)
  - React-jsiexecutor (from `../node_modules/react-native/ReactCommon/jsiexecutor`)
  - React-jsinspector (from `../node_modules/react-native/ReactCommon/jsinspector`)
  - React-logger (from `../node_modules/react-native/ReactCommon/logger`)
  - react-native-pager-view (from `../node_modules/react-native-pager-view`)
  - react-native-randombytes (from `../node_modules/react-native-randombytes`)
  - react-native-safe-area-context (from `../node_modules/react-native-safe-area-context`)
  - react-native-version-number (from `../node_modules/react-native-version-number`)
  - React-perflogger (from `../node_modules/react-native/ReactCommon/reactperflogger`)
  - React-RCTActionSheet (from `../node_modules/react-native/Libraries/ActionSheetIOS`)
  - React-RCTAnimation (from `../node_modules/react-native/Libraries/NativeAnimation`)
  - React-RCTBlob (from `../node_modules/react-native/Libraries/Blob`)
  - React-RCTImage (from `../node_modules/react-native/Libraries/Image`)
  - React-RCTLinking (from `../node_modules/react-native/Libraries/LinkingIOS`)
  - React-RCTNetwork (from `../node_modules/react-native/Libraries/Network`)
  - React-RCTSettings (from `../node_modules/react-native/Libraries/Settings`)
  - React-RCTText (from `../node_modules/react-native/Libraries/Text`)
  - React-RCTVibration (from `../node_modules/react-native/Libraries/Vibration`)
  - React-runtimeexecutor (from `../node_modules/react-native/ReactCommon/runtimeexecutor`)
  - ReactCommon/turbomodule/core (from `../node_modules/react-native/ReactCommon`)
  - ReactNativeCameraKit (from `../node_modules/react-native-camera-kit`)
  - ReactNativeExceptionHandler (from `../node_modules/react-native-exception-handler`)
  - "RNCAsyncStorage (from `../node_modules/@react-native-async-storage/async-storage`)"
  - RNDeviceInfo (from `../node_modules/react-native-device-info`)
  - "RNFBApp (from `../node_modules/@react-native-firebase/app`)"
  - "RNFBMessaging (from `../node_modules/@react-native-firebase/messaging`)"
  - RNGestureHandler (from `../node_modules/react-native-gesture-handler`)
  - RNKeychain (from `../node_modules/react-native-keychain`)
  - RNLocalize (from `../node_modules/react-native-localize`)
  - "RNNotifee (from `../node_modules/@notifee/react-native`)"
  - RNPermissions (from `../node_modules/react-native-permissions`)
  - RNReanimated (from `../node_modules/react-native-reanimated`)
  - RNScreens (from `../node_modules/react-native-screens`)
  - "RNSentry (from `../node_modules/@sentry/react-native`)"
  - RNSVG (from `../node_modules/react-native-svg`)
  - RNVectorIcons (from `../node_modules/react-native-vector-icons`)
  - Yoga (from `../node_modules/react-native/ReactCommon/yoga`)

SPEC REPOS:
  trunk:
    - Firebase
    - FirebaseCore
    - FirebaseCoreExtension
    - FirebaseCoreInternal
    - FirebaseInstallations
    - FirebaseMessaging
    - fmt
    - GoogleDataTransport
    - GoogleUtilities
    - libevent
    - nanopb
    - PromisesObjC
    - Sentry
    - SentryPrivate

EXTERNAL SOURCES:
  boost:
    :podspec: "../node_modules/react-native/third-party-podspecs/boost.podspec"
  DoubleConversion:
    :podspec: "../node_modules/react-native/third-party-podspecs/DoubleConversion.podspec"
  FBLazyVector:
    :path: "../node_modules/react-native/Libraries/FBLazyVector"
  FBReactNativeSpec:
    :path: "../node_modules/react-native/React/FBReactNativeSpec"
  glog:
    :podspec: "../node_modules/react-native/third-party-podspecs/glog.podspec"
  hermes-engine:
    :podspec: "../node_modules/react-native/sdks/hermes/hermes-engine.podspec"
  Permission-Camera:
    :path: "../node_modules/react-native-permissions/ios/Camera"
  Permission-Notifications:
    :path: "../node_modules/react-native-permissions/ios/Notifications"
  RCT-Folly:
    :podspec: "../node_modules/react-native/third-party-podspecs/RCT-Folly.podspec"
  RCTRequired:
    :path: "../node_modules/react-native/Libraries/RCTRequired"
  RCTTypeSafety:
    :path: "../node_modules/react-native/Libraries/TypeSafety"
  React:
    :path: "../node_modules/react-native/"
  React-bridging:
    :path: "../node_modules/react-native/ReactCommon"
  React-callinvoker:
    :path: "../node_modules/react-native/ReactCommon/callinvoker"
  React-Codegen:
    :path: build/generated/ios
  React-Core:
    :path: "../node_modules/react-native/"
  React-CoreModules:
    :path: "../node_modules/react-native/React/CoreModules"
  React-cxxreact:
    :path: "../node_modules/react-native/ReactCommon/cxxreact"
  React-hermes:
    :path: "../node_modules/react-native/ReactCommon/hermes"
  React-jsi:
    :path: "../node_modules/react-native/ReactCommon/jsi"
  React-jsiexecutor:
    :path: "../node_modules/react-native/ReactCommon/jsiexecutor"
  React-jsinspector:
    :path: "../node_modules/react-native/ReactCommon/jsinspector"
  React-logger:
    :path: "../node_modules/react-native/ReactCommon/logger"
  react-native-pager-view:
    :path: "../node_modules/react-native-pager-view"
  react-native-randombytes:
    :path: "../node_modules/react-native-randombytes"
  react-native-safe-area-context:
    :path: "../node_modules/react-native-safe-area-context"
  react-native-version-number:
    :path: "../node_modules/react-native-version-number"
  React-perflogger:
    :path: "../node_modules/react-native/ReactCommon/reactperflogger"
  React-RCTActionSheet:
    :path: "../node_modules/react-native/Libraries/ActionSheetIOS"
  React-RCTAnimation:
    :path: "../node_modules/react-native/Libraries/NativeAnimation"
  React-RCTBlob:
    :path: "../node_modules/react-native/Libraries/Blob"
  React-RCTImage:
    :path: "../node_modules/react-native/Libraries/Image"
  React-RCTLinking:
    :path: "../node_modules/react-native/Libraries/LinkingIOS"
  React-RCTNetwork:
    :path: "../node_modules/react-native/Libraries/Network"
  React-RCTSettings:
    :path: "../node_modules/react-native/Libraries/Settings"
  React-RCTText:
    :path: "../node_modules/react-native/Libraries/Text"
  React-RCTVibration:
    :path: "../node_modules/react-native/Libraries/Vibration"
  React-runtimeexecutor:
    :path: "../node_modules/react-native/ReactCommon/runtimeexecutor"
  ReactCommon:
    :path: "../node_modules/react-native/ReactCommon"
  ReactNativeCameraKit:
    :path: "../node_modules/react-native-camera-kit"
  ReactNativeExceptionHandler:
    :path: "../node_modules/react-native-exception-handler"
  RNCAsyncStorage:
    :path: "../node_modules/@react-native-async-storage/async-storage"
  RNDeviceInfo:
    :path: "../node_modules/react-native-device-info"
  RNFBApp:
    :path: "../node_modules/@react-native-firebase/app"
  RNFBMessaging:
    :path: "../node_modules/@react-native-firebase/messaging"
  RNGestureHandler:
    :path: "../node_modules/react-native-gesture-handler"
  RNKeychain:
    :path: "../node_modules/react-native-keychain"
  RNLocalize:
    :path: "../node_modules/react-native-localize"
  RNNotifee:
    :path: "../node_modules/@notifee/react-native"
  RNPermissions:
    :path: "../node_modules/react-native-permissions"
  RNReanimated:
    :path: "../node_modules/react-native-reanimated"
  RNScreens:
    :path: "../node_modules/react-native-screens"
  RNSentry:
    :path: "../node_modules/@sentry/react-native"
  RNSVG:
    :path: "../node_modules/react-native-svg"
  RNVectorIcons:
    :path: "../node_modules/react-native-vector-icons"
  Yoga:
    :path: "../node_modules/react-native/ReactCommon/yoga"

SPEC CHECKSUMS:
  boost: a7c83b31436843459a1961bfd74b96033dc77234
  DoubleConversion: 831926d9b8bf8166fd87886c4abab286c2422662
  FBLazyVector: bc76253beb7463b688aa6af913b822ed631de31a
  FBReactNativeSpec: 85d34420d92cb178897de05e3aba90e7a8568162
  Firebase: f92fc551ead69c94168d36c2b26188263860acd9
  FirebaseCore: 988754646ab3bd4bdcb740f1bfe26b9f6c0d5f2a
  FirebaseCoreExtension: 93d252fabdc9696bf14a73b04d84877ab9b3a832
  FirebaseCoreInternal: fa2899eb1f340054858d289e5a0fb935a0a74e52
  FirebaseInstallations: b2a05a3fe707df764345d68685534d07d0664af3
  FirebaseMessaging: e345b219fd15d325f0cf2fef28cb8ce00d851b3f
  fmt: ff9d55029c625d3757ed641535fd4a75fedc7ce9
  glog: 85ecdd10ee8d8ec362ef519a6a45ff9aa27b2e85
  GoogleDataTransport: 8378d1fa8ac49753ea6ce70d65a7cb70ce5f66e6
  GoogleUtilities: 9aa0ad5a7bc171f8bae016300bfcfa3fb8425749
  hermes-engine: 918ec5addfbc430c9f443376d739f088b6dc96c3
  libevent: 4049cae6c81cdb3654a443be001fb9bdceff7913
  nanopb: b552cce312b6c8484180ef47159bc0f65a1f0431
  Permission-Camera: 9c8b1a826770a6feea747cc8a4a89d2b39df4273
  Permission-Notifications: 05a9c72e2ae989d28eb1eecf3d6a12daba73d375
  PromisesObjC: 09985d6d70fbe7878040aa746d78236e6946d2ef
  RCT-Folly: 0080d0a6ebf2577475bda044aa59e2ca1f909cda
  RCTRequired: db184d894eed9e15f1fa80c3372595b7ec360580
  RCTTypeSafety: c9bf4c53ad246e4c94a49d91353ed19a8df5952f
  React: 3ccb97e5c4672199746cefa622fd595d4cc9319d
  React-bridging: 60a99ddb74281e2047f1a85912c7075a75269285
  React-callinvoker: aea0b555a18d03e91d1d10b1c4eacc9d9dfb581a
  React-Codegen: 3d757143a6f27a84958f49466a3b18716845d192
  React-Core: b1e6334eedacb3dc3adae163ccdde5e6ca26d18b
  React-CoreModules: 74122da11de87771f2461c757ab0c29defddd4ea
  React-cxxreact: bbca1cdf5165761529edff94ed117b95ccbc877a
  React-hermes: ee7245fc80f61eee8918a5046ed84b0b740a15f4
  React-jsi: a015cacfe56047914e425d0177133c35409e2462
  React-jsiexecutor: d3f6d9242d4c93e7f0bdb27cb5510003bc98445c
  React-jsinspector: d76d32327f21d4f40dcf696231fdbbca60de4711
  React-logger: 1b3522f1e05c6360e93df3607a016c39e30a7351
  react-native-pager-view: da490aa1f902c9a5aeecf0909cc975ad0e92e53e
  react-native-randombytes: 421f1c7d48c0af8dbcd471b0324393ebf8fe7846
  react-native-safe-area-context: 68b07eabfb0d14547d36f6929c0e98d818064f02
  react-native-version-number: b415bbec6a13f2df62bf978e85bc0d699462f37f
  React-perflogger: cce000b5caa4bcecbb29ee9cfdb47f26202d2599
  React-RCTActionSheet: ba29f52a82d970e2aba5804490ecaea587c7a751
  React-RCTAnimation: 36efe35933875c9aeea612f7d2c0394fa22552c1
  React-RCTBlob: 8dd4dd76ab8384ceae2bd78141880cb0fdd6640a
  React-RCTImage: 3e779bb3f8e5184b5af19134c7d866f22d60d966
  React-RCTLinking: 5051e59b8a625a82a7bc613687855193a567765c
  React-RCTNetwork: e160ffdb54f0f054911341c2889fd2c541ce0ba7
  React-RCTSettings: 2fc3aaaad0bea7adc1596ff2c54b97a1febe2f7b
  React-RCTText: eb1c72e61dd7dbe2c291c1d6f342cc5da351545b
  React-RCTVibration: 7fee53a28038a1b3c5c66dfd7656e29ac6d5c04d
  React-runtimeexecutor: ed23be8c1e02b73e7e2f88ac7eaab8faf6961a38
  ReactCommon: 153bd73ed963731a8e3e7f03a747b353fed7363e
  ReactNativeCameraKit: 9d46a5d7dd544ca64aa9c03c150d2348faf437eb
  ReactNativeExceptionHandler: b11ff67c78802b2f62eed0e10e75cb1ef7947c60
  RNCAsyncStorage: 4b98ac3c64efa4e35c1197cb0c5ca5e9f5d4c666
  RNDeviceInfo: aad3c663b25752a52bf8fce93f2354001dd185aa
  RNFBApp: 1ee535dcb7773ca612d3a2e53a1f78f8f2fb6abf
  RNFBMessaging: 04ecf12bae7543cd8df145f1b26d89d867594be7
  RNGestureHandler: 62232ba8f562f7dea5ba1b3383494eb5bf97a4d3
  RNKeychain: ff836453cba46938e0e9e4c22e43d43fa2c90333
  RNLocalize: d4b8af4e442d4bcca54e68fc687a2129b4d71a81
  RNNotifee: 5155e0a5e0a97d0c839030d8192783cd63053999
  RNPermissions: d9db16f082ce2e09908e58c925189e2637d2786b
  RNReanimated: bec7736122a268883bdede07f1bf9cf4b40158db
  RNScreens: 50ffe2fa2342eabb2d0afbe19f7c1af286bc7fb3
  RNSentry: 9f0447b3ce13806f544903748de423259ead8552
  RNSVG: 80584470ff1ffc7994923ea135a3e5ad825546b9
  RNVectorIcons: fcc2f6cb32f5735b586e66d14103a74ce6ad61f8
  Sentry: c7a86f43510a7d5678d4de28d78c28ab351d295b
  SentryPrivate: 2eaabf598a46d4b9b8822aef766df2a84caf2e6f
  Yoga: dc109b79db907f0f589fc423e991b09ec42d2295

PODFILE CHECKSUM: ae9f584840b5c120e96a893397099db823e3ecf7

COCOAPODS: 1.12.1
