PODS:
  - boost (1.76.0)
  - DoubleConversion (1.1.6)
  - FBLazyVector (0.67.5)
  - FBReactNativeSpec (0.67.5):
    - RCT-Folly (= 2021.06.28.00-v2)
    - RCTRequired (= 0.67.5)
    - RCTTypeSafety (= 0.67.5)
    - React-Core (= 0.67.5)
    - React-jsi (= 0.67.5)
    - ReactCommon/turbomodule/core (= 0.67.5)
  - Firebase/CoreOnly (10.3.0):
    - FirebaseCore (= 10.3.0)
  - Firebase/Messaging (10.3.0):
    - Firebase/CoreOnly
    - FirebaseMessaging (~> 10.3.0)
  - FirebaseCore (10.3.0):
    - FirebaseCoreInternal (~> 10.0)
    - GoogleUtilities/Environment (~> 7.8)
    - GoogleUtilities/Logger (~> 7.8)
  - FirebaseCoreExtension (10.3.0):
    - FirebaseCore (~> 10.0)
  - FirebaseCoreInternal (10.8.0):
    - "GoogleUtilities/NSData+zlib (~> 7.8)"
  - FirebaseInstallations (10.8.0):
    - FirebaseCore (~> 10.0)
    - GoogleUtilities/Environment (~> 7.8)
    - GoogleUtilities/UserDefaults (~> 7.8)
    - PromisesObjC (~> 2.1)
  - FirebaseMessaging (10.3.0):
    - FirebaseCore (~> 10.0)
    - FirebaseInstallations (~> 10.0)
    - GoogleDataTransport (~> 9.2)
    - GoogleUtilities/AppDelegateSwizzler (~> 7.8)
    - GoogleUtilities/Environment (~> 7.8)
    - GoogleUtilities/Reachability (~> 7.8)
    - GoogleUtilities/UserDefaults (~> 7.8)
    - nanopb (< 2.30910.0, >= 2.30908.0)
  - fmt (6.2.1)
  - glog (0.3.5)
  - GoogleDataTransport (9.2.2):
    - GoogleUtilities/Environment (~> 7.7)
    - nanopb (< 2.30910.0, >= 2.30908.0)
    - PromisesObjC (< 3.0, >= 1.2)
  - GoogleUtilities (7.11.1):
    - GoogleUtilities/AppDelegateSwizzler (= 7.11.1)
    - GoogleUtilities/Environment (= 7.11.1)
    - GoogleUtilities/ISASwizzler (= 7.11.1)
    - GoogleUtilities/Logger (= 7.11.1)
    - GoogleUtilities/MethodSwizzler (= 7.11.1)
    - GoogleUtilities/Network (= 7.11.1)
    - "GoogleUtilities/NSData+zlib (= 7.11.1)"
    - GoogleUtilities/Reachability (= 7.11.1)
    - GoogleUtilities/SwizzlerTestHelpers (= 7.11.1)
    - GoogleUtilities/UserDefaults (= 7.11.1)
  - GoogleUtilities/AppDelegateSwizzler (7.11.1):
    - GoogleUtilities/Environment
    - GoogleUtilities/Logger
    - GoogleUtilities/Network
  - GoogleUtilities/Environment (7.11.1):
    - PromisesObjC (< 3.0, >= 1.2)
  - GoogleUtilities/ISASwizzler (7.11.1)
  - GoogleUtilities/Logger (7.11.1):
    - GoogleUtilities/Environment
  - GoogleUtilities/MethodSwizzler (7.11.1):
    - GoogleUtilities/Logger
  - GoogleUtilities/Network (7.11.1):
    - GoogleUtilities/Logger
    - "GoogleUtilities/NSData+zlib"
    - GoogleUtilities/Reachability
  - "GoogleUtilities/NSData+zlib (7.11.1)"
  - GoogleUtilities/Reachability (7.11.1):
    - GoogleUtilities/Logger
  - GoogleUtilities/SwizzlerTestHelpers (7.11.1):
    - GoogleUtilities/MethodSwizzler
  - GoogleUtilities/UserDefaults (7.11.1):
    - GoogleUtilities/Logger
  - nanopb (2.30909.0):
    - nanopb/decode (= 2.30909.0)
    - nanopb/encode (= 2.30909.0)
  - nanopb/decode (2.30909.0)
  - nanopb/encode (2.30909.0)
  - Permission-Camera (3.3.1):
    - RNPermissions
  - Permission-Notifications (3.3.1):
    - RNPermissions
  - PromisesObjC (2.2.0)
  - RCT-Folly (2021.06.28.00-v2):
    - boost
    - DoubleConversion
    - fmt (~> 6.2.1)
    - glog
    - RCT-Folly/Default (= 2021.06.28.00-v2)
  - RCT-Folly/Default (2021.06.28.00-v2):
    - boost
    - DoubleConversion
    - fmt (~> 6.2.1)
    - glog
  - RCTRequired (0.67.5)
  - RCTTypeSafety (0.67.5):
    - FBLazyVector (= 0.67.5)
    - RCT-Folly (= 2021.06.28.00-v2)
    - RCTRequired (= 0.67.5)
    - React-Core (= 0.67.5)
  - React (0.67.5):
    - React-Core (= 0.67.5)
    - React-Core/DevSupport (= 0.67.5)
    - React-Core/RCTWebSocket (= 0.67.5)
    - React-RCTActionSheet (= 0.67.5)
    - React-RCTAnimation (= 0.67.5)
    - React-RCTBlob (= 0.67.5)
    - React-RCTImage (= 0.67.5)
    - React-RCTLinking (= 0.67.5)
    - React-RCTNetwork (= 0.67.5)
    - React-RCTSettings (= 0.67.5)
    - React-RCTText (= 0.67.5)
    - React-RCTVibration (= 0.67.5)
  - React-callinvoker (0.67.5)
  - React-Core (0.67.5):
    - glog
    - RCT-Folly (= 2021.06.28.00-v2)
    - React-Core/Default (= 0.67.5)
    - React-cxxreact (= 0.67.5)
    - React-jsi (= 0.67.5)
    - React-jsiexecutor (= 0.67.5)
    - React-perflogger (= 0.67.5)
    - Yoga
  - React-Core/CoreModulesHeaders (0.67.5):
    - glog
    - RCT-Folly (= 2021.06.28.00-v2)
    - React-Core/Default
    - React-cxxreact (= 0.67.5)
    - React-jsi (= 0.67.5)
    - React-jsiexecutor (= 0.67.5)
    - React-perflogger (= 0.67.5)
    - Yoga
  - React-Core/Default (0.67.5):
    - glog
    - RCT-Folly (= 2021.06.28.00-v2)
    - React-cxxreact (= 0.67.5)
    - React-jsi (= 0.67.5)
    - React-jsiexecutor (= 0.67.5)
    - React-perflogger (= 0.67.5)
    - Yoga
  - React-Core/DevSupport (0.67.5):
    - glog
    - RCT-Folly (= 2021.06.28.00-v2)
    - React-Core/Default (= 0.67.5)
    - React-Core/RCTWebSocket (= 0.67.5)
    - React-cxxreact (= 0.67.5)
    - React-jsi (= 0.67.5)
    - React-jsiexecutor (= 0.67.5)
    - React-jsinspector (= 0.67.5)
    - React-perflogger (= 0.67.5)
    - Yoga
  - React-Core/RCTActionSheetHeaders (0.67.5):
    - glog
    - RCT-Folly (= 2021.06.28.00-v2)
    - React-Core/Default
    - React-cxxreact (= 0.67.5)
    - React-jsi (= 0.67.5)
    - React-jsiexecutor (= 0.67.5)
    - React-perflogger (= 0.67.5)
    - Yoga
  - React-Core/RCTAnimationHeaders (0.67.5):
    - glog
    - RCT-Folly (= 2021.06.28.00-v2)
    - React-Core/Default
    - React-cxxreact (= 0.67.5)
    - React-jsi (= 0.67.5)
    - React-jsiexecutor (= 0.67.5)
    - React-perflogger (= 0.67.5)
    - Yoga
  - React-Core/RCTBlobHeaders (0.67.5):
    - glog
    - RCT-Folly (= 2021.06.28.00-v2)
    - React-Core/Default
    - React-cxxreact (= 0.67.5)
    - React-jsi (= 0.67.5)
    - React-jsiexecutor (= 0.67.5)
    - React-perflogger (= 0.67.5)
    - Yoga
  - React-Core/RCTImageHeaders (0.67.5):
    - glog
    - RCT-Folly (= 2021.06.28.00-v2)
    - React-Core/Default
    - React-cxxreact (= 0.67.5)
    - React-jsi (= 0.67.5)
    - React-jsiexecutor (= 0.67.5)
    - React-perflogger (= 0.67.5)
    - Yoga
  - React-Core/RCTLinkingHeaders (0.67.5):
    - glog
    - RCT-Folly (= 2021.06.28.00-v2)
    - React-Core/Default
    - React-cxxreact (= 0.67.5)
    - React-jsi (= 0.67.5)
    - React-jsiexecutor (= 0.67.5)
    - React-perflogger (= 0.67.5)
    - Yoga
  - React-Core/RCTNetworkHeaders (0.67.5):
    - glog
    - RCT-Folly (= 2021.06.28.00-v2)
    - React-Core/Default
    - React-cxxreact (= 0.67.5)
    - React-jsi (= 0.67.5)
    - React-jsiexecutor (= 0.67.5)
    - React-perflogger (= 0.67.5)
    - Yoga
  - React-Core/RCTSettingsHeaders (0.67.5):
    - glog
    - RCT-Folly (= 2021.06.28.00-v2)
    - React-Core/Default
    - React-cxxreact (= 0.67.5)
    - React-jsi (= 0.67.5)
    - React-jsiexecutor (= 0.67.5)
    - React-perflogger (= 0.67.5)
    - Yoga
  - React-Core/RCTTextHeaders (0.67.5):
    - glog
    - RCT-Folly (= 2021.06.28.00-v2)
    - React-Core/Default
    - React-cxxreact (= 0.67.5)
    - React-jsi (= 0.67.5)
    - React-jsiexecutor (= 0.67.5)
    - React-perflogger (= 0.67.5)
    - Yoga
  - React-Core/RCTVibrationHeaders (0.67.5):
    - glog
    - RCT-Folly (= 2021.06.28.00-v2)
    - React-Core/Default
    - React-cxxreact (= 0.67.5)
    - React-jsi (= 0.67.5)
    - React-jsiexecutor (= 0.67.5)
    - React-perflogger (= 0.67.5)
    - Yoga
  - React-Core/RCTWebSocket (0.67.5):
    - glog
    - RCT-Folly (= 2021.06.28.00-v2)
    - React-Core/Default (= 0.67.5)
    - React-cxxreact (= 0.67.5)
    - React-jsi (= 0.67.5)
    - React-jsiexecutor (= 0.67.5)
    - React-perflogger (= 0.67.5)
    - Yoga
  - React-CoreModules (0.67.5):
    - FBReactNativeSpec (= 0.67.5)
    - RCT-Folly (= 2021.06.28.00-v2)
    - RCTTypeSafety (= 0.67.5)
    - React-Core/CoreModulesHeaders (= 0.67.5)
    - React-jsi (= 0.67.5)
    - React-RCTImage (= 0.67.5)
    - ReactCommon/turbomodule/core (= 0.67.5)
  - React-cxxreact (0.67.5):
    - boost (= 1.76.0)
    - DoubleConversion
    - glog
    - RCT-Folly (= 2021.06.28.00-v2)
    - React-callinvoker (= 0.67.5)
    - React-jsi (= 0.67.5)
    - React-jsinspector (= 0.67.5)
    - React-logger (= 0.67.5)
    - React-perflogger (= 0.67.5)
    - React-runtimeexecutor (= 0.67.5)
  - React-jsi (0.67.5):
    - boost (= 1.76.0)
    - DoubleConversion
    - glog
    - RCT-Folly (= 2021.06.28.00-v2)
    - React-jsi/Default (= 0.67.5)
  - React-jsi/Default (0.67.5):
    - boost (= 1.76.0)
    - DoubleConversion
    - glog
    - RCT-Folly (= 2021.06.28.00-v2)
  - React-jsiexecutor (0.67.5):
    - DoubleConversion
    - glog
    - RCT-Folly (= 2021.06.28.00-v2)
    - React-cxxreact (= 0.67.5)
    - React-jsi (= 0.67.5)
    - React-perflogger (= 0.67.5)
  - React-jsinspector (0.67.5)
  - React-logger (0.67.5):
    - glog
  - react-native-camera (4.2.1):
    - React-Core
    - react-native-camera/RCT (= 4.2.1)
    - react-native-camera/RN (= 4.2.1)
  - react-native-camera/RCT (4.2.1):
    - React-Core
  - react-native-camera/RN (4.2.1):
    - React-Core
  - react-native-pager-view (5.4.11):
    - React-Core
  - react-native-randombytes (3.6.1):
    - React-Core
  - react-native-version-number (0.3.6):
    - React
  - React-perflogger (0.67.5)
  - React-RCTActionSheet (0.67.5):
    - React-Core/RCTActionSheetHeaders (= 0.67.5)
  - React-RCTAnimation (0.67.5):
    - FBReactNativeSpec (= 0.67.5)
    - RCT-Folly (= 2021.06.28.00-v2)
    - RCTTypeSafety (= 0.67.5)
    - React-Core/RCTAnimationHeaders (= 0.67.5)
    - React-jsi (= 0.67.5)
    - ReactCommon/turbomodule/core (= 0.67.5)
  - React-RCTBlob (0.67.5):
    - FBReactNativeSpec (= 0.67.5)
    - RCT-Folly (= 2021.06.28.00-v2)
    - React-Core/RCTBlobHeaders (= 0.67.5)
    - React-Core/RCTWebSocket (= 0.67.5)
    - React-jsi (= 0.67.5)
    - React-RCTNetwork (= 0.67.5)
    - ReactCommon/turbomodule/core (= 0.67.5)
  - React-RCTImage (0.67.5):
    - FBReactNativeSpec (= 0.67.5)
    - RCT-Folly (= 2021.06.28.00-v2)
    - RCTTypeSafety (= 0.67.5)
    - React-Core/RCTImageHeaders (= 0.67.5)
    - React-jsi (= 0.67.5)
    - React-RCTNetwork (= 0.67.5)
    - ReactCommon/turbomodule/core (= 0.67.5)
  - React-RCTLinking (0.67.5):
    - FBReactNativeSpec (= 0.67.5)
    - React-Core/RCTLinkingHeaders (= 0.67.5)
    - React-jsi (= 0.67.5)
    - ReactCommon/turbomodule/core (= 0.67.5)
  - React-RCTNetwork (0.67.5):
    - FBReactNativeSpec (= 0.67.5)
    - RCT-Folly (= 2021.06.28.00-v2)
    - RCTTypeSafety (= 0.67.5)
    - React-Core/RCTNetworkHeaders (= 0.67.5)
    - React-jsi (= 0.67.5)
    - ReactCommon/turbomodule/core (= 0.67.5)
  - React-RCTSettings (0.67.5):
    - FBReactNativeSpec (= 0.67.5)
    - RCT-Folly (= 2021.06.28.00-v2)
    - RCTTypeSafety (= 0.67.5)
    - React-Core/RCTSettingsHeaders (= 0.67.5)
    - React-jsi (= 0.67.5)
    - ReactCommon/turbomodule/core (= 0.67.5)
  - React-RCTText (0.67.5):
    - React-Core/RCTTextHeaders (= 0.67.5)
  - React-RCTVibration (0.67.5):
    - FBReactNativeSpec (= 0.67.5)
    - RCT-Folly (= 2021.06.28.00-v2)
    - React-Core/RCTVibrationHeaders (= 0.67.5)
    - React-jsi (= 0.67.5)
    - ReactCommon/turbomodule/core (= 0.67.5)
  - React-runtimeexecutor (0.67.5):
    - React-jsi (= 0.67.5)
  - ReactCommon/turbomodule/core (0.67.5):
    - DoubleConversion
    - glog
    - RCT-Folly (= 2021.06.28.00-v2)
    - React-callinvoker (= 0.67.5)
    - React-Core (= 0.67.5)
    - React-cxxreact (= 0.67.5)
    - React-jsi (= 0.67.5)
    - React-logger (= 0.67.5)
    - React-perflogger (= 0.67.5)
  - ReactNativeExceptionHandler (2.10.10):
    - React-Core
  - RNCAsyncStorage (1.17.3):
    - React-Core
  - RNDeviceInfo (8.7.0):
    - React-Core
  - RNFBApp (16.7.0):
    - Firebase/CoreOnly (= 10.3.0)
    - React-Core
  - RNFBMessaging (16.7.0):
    - Firebase/Messaging (= 10.3.0)
    - FirebaseCoreExtension (= 10.3.0)
    - React-Core
    - RNFBApp
  - RNGestureHandler (1.10.3):
    - React-Core
  - RNKeychain (8.0.0):
    - React-Core
  - RNLocalize (2.2.1):
    - React-Core
  - RNNotifee (5.7.0):
    - React-Core
    - RNNotifee/NotifeeCore (= 5.7.0)
  - RNNotifee/NotifeeCore (5.7.0):
    - React-Core
  - RNPermissions (3.3.1):
    - React-Core
  - RNReanimated (2.8.0):
    - DoubleConversion
    - FBLazyVector
    - FBReactNativeSpec
    - glog
    - RCT-Folly
    - RCTRequired
    - RCTTypeSafety
    - React-callinvoker
    - React-Core
    - React-Core/DevSupport
    - React-Core/RCTWebSocket
    - React-CoreModules
    - React-cxxreact
    - React-jsi
    - React-jsiexecutor
    - React-jsinspector
    - React-RCTActionSheet
    - React-RCTAnimation
    - React-RCTBlob
    - React-RCTImage
    - React-RCTLinking
    - React-RCTNetwork
    - React-RCTSettings
    - React-RCTText
    - ReactCommon/turbomodule/core
    - Yoga
  - RNScreens (3.13.1):
    - React-Core
    - React-RCTImage
  - RNSentry (3.4.1):
    - React-Core
    - Sentry (= 7.11.0)
  - RNSVG (12.3.0):
    - React-Core
  - RNVectorIcons (9.1.0):
    - React-Core
  - Sentry (7.11.0):
    - Sentry/Core (= 7.11.0)
  - Sentry/Core (7.11.0)
  - Yoga (1.14.0)

DEPENDENCIES:
  - boost (from `../node_modules/react-native/third-party-podspecs/boost.podspec`)
  - DoubleConversion (from `../node_modules/react-native/third-party-podspecs/DoubleConversion.podspec`)
  - FBLazyVector (from `../node_modules/react-native/Libraries/FBLazyVector`)
  - FBReactNativeSpec (from `../node_modules/react-native/React/FBReactNativeSpec`)
  - glog (from `../node_modules/react-native/third-party-podspecs/glog.podspec`)
  - GoogleUtilities
  - Permission-Camera (from `../node_modules/react-native-permissions/ios/Camera`)
  - Permission-Notifications (from `../node_modules/react-native-permissions/ios/Notifications`)
  - RCT-Folly (from `../node_modules/react-native/third-party-podspecs/RCT-Folly.podspec`)
  - RCTRequired (from `../node_modules/react-native/Libraries/RCTRequired`)
  - RCTTypeSafety (from `../node_modules/react-native/Libraries/TypeSafety`)
  - React (from `../node_modules/react-native/`)
  - React-callinvoker (from `../node_modules/react-native/ReactCommon/callinvoker`)
  - React-Core (from `../node_modules/react-native/`)
  - React-Core/DevSupport (from `../node_modules/react-native/`)
  - React-Core/RCTWebSocket (from `../node_modules/react-native/`)
  - React-CoreModules (from `../node_modules/react-native/React/CoreModules`)
  - React-cxxreact (from `../node_modules/react-native/ReactCommon/cxxreact`)
  - React-jsi (from `../node_modules/react-native/ReactCommon/jsi`)
  - React-jsiexecutor (from `../node_modules/react-native/ReactCommon/jsiexecutor`)
  - React-jsinspector (from `../node_modules/react-native/ReactCommon/jsinspector`)
  - React-logger (from `../node_modules/react-native/ReactCommon/logger`)
  - react-native-camera (from `../node_modules/react-native-camera`)
  - react-native-pager-view (from `../node_modules/react-native-pager-view`)
  - react-native-randombytes (from `../node_modules/react-native-randombytes`)
  - react-native-version-number (from `../node_modules/react-native-version-number`)
  - React-perflogger (from `../node_modules/react-native/ReactCommon/reactperflogger`)
  - React-RCTActionSheet (from `../node_modules/react-native/Libraries/ActionSheetIOS`)
  - React-RCTAnimation (from `../node_modules/react-native/Libraries/NativeAnimation`)
  - React-RCTBlob (from `../node_modules/react-native/Libraries/Blob`)
  - React-RCTImage (from `../node_modules/react-native/Libraries/Image`)
  - React-RCTLinking (from `../node_modules/react-native/Libraries/LinkingIOS`)
  - React-RCTNetwork (from `../node_modules/react-native/Libraries/Network`)
  - React-RCTSettings (from `../node_modules/react-native/Libraries/Settings`)
  - React-RCTText (from `../node_modules/react-native/Libraries/Text`)
  - React-RCTVibration (from `../node_modules/react-native/Libraries/Vibration`)
  - React-runtimeexecutor (from `../node_modules/react-native/ReactCommon/runtimeexecutor`)
  - ReactCommon/turbomodule/core (from `../node_modules/react-native/ReactCommon`)
  - ReactNativeExceptionHandler (from `../node_modules/react-native-exception-handler`)
  - "RNCAsyncStorage (from `../node_modules/@react-native-async-storage/async-storage`)"
  - RNDeviceInfo (from `../node_modules/react-native-device-info`)
  - "RNFBApp (from `../node_modules/@react-native-firebase/app`)"
  - "RNFBMessaging (from `../node_modules/@react-native-firebase/messaging`)"
  - RNGestureHandler (from `../node_modules/react-native-gesture-handler`)
  - RNKeychain (from `../node_modules/react-native-keychain`)
  - RNLocalize (from `../node_modules/react-native-localize`)
  - "RNNotifee (from `../node_modules/@notifee/react-native`)"
  - RNPermissions (from `../node_modules/react-native-permissions`)
  - RNReanimated (from `../node_modules/react-native-reanimated`)
  - RNScreens (from `../node_modules/react-native-screens`)
  - "RNSentry (from `../node_modules/@sentry/react-native`)"
  - RNSVG (from `../node_modules/react-native-svg`)
  - RNVectorIcons (from `../node_modules/react-native-vector-icons`)
  - Yoga (from `../node_modules/react-native/ReactCommon/yoga`)

SPEC REPOS:
  trunk:
    - Firebase
    - FirebaseCore
    - FirebaseCoreExtension
    - FirebaseCoreInternal
    - FirebaseInstallations
    - FirebaseMessaging
    - fmt
    - GoogleDataTransport
    - GoogleUtilities
    - nanopb
    - PromisesObjC
    - Sentry

EXTERNAL SOURCES:
  boost:
    :podspec: "../node_modules/react-native/third-party-podspecs/boost.podspec"
  DoubleConversion:
    :podspec: "../node_modules/react-native/third-party-podspecs/DoubleConversion.podspec"
  FBLazyVector:
    :path: "../node_modules/react-native/Libraries/FBLazyVector"
  FBReactNativeSpec:
    :path: "../node_modules/react-native/React/FBReactNativeSpec"
  glog:
    :podspec: "../node_modules/react-native/third-party-podspecs/glog.podspec"
  Permission-Camera:
    :path: "../node_modules/react-native-permissions/ios/Camera"
  Permission-Notifications:
    :path: "../node_modules/react-native-permissions/ios/Notifications"
  RCT-Folly:
    :podspec: "../node_modules/react-native/third-party-podspecs/RCT-Folly.podspec"
  RCTRequired:
    :path: "../node_modules/react-native/Libraries/RCTRequired"
  RCTTypeSafety:
    :path: "../node_modules/react-native/Libraries/TypeSafety"
  React:
    :path: "../node_modules/react-native/"
  React-callinvoker:
    :path: "../node_modules/react-native/ReactCommon/callinvoker"
  React-Core:
    :path: "../node_modules/react-native/"
  React-CoreModules:
    :path: "../node_modules/react-native/React/CoreModules"
  React-cxxreact:
    :path: "../node_modules/react-native/ReactCommon/cxxreact"
  React-jsi:
    :path: "../node_modules/react-native/ReactCommon/jsi"
  React-jsiexecutor:
    :path: "../node_modules/react-native/ReactCommon/jsiexecutor"
  React-jsinspector:
    :path: "../node_modules/react-native/ReactCommon/jsinspector"
  React-logger:
    :path: "../node_modules/react-native/ReactCommon/logger"
  react-native-camera:
    :path: "../node_modules/react-native-camera"
  react-native-pager-view:
    :path: "../node_modules/react-native-pager-view"
  react-native-randombytes:
    :path: "../node_modules/react-native-randombytes"
  react-native-version-number:
    :path: "../node_modules/react-native-version-number"
  React-perflogger:
    :path: "../node_modules/react-native/ReactCommon/reactperflogger"
  React-RCTActionSheet:
    :path: "../node_modules/react-native/Libraries/ActionSheetIOS"
  React-RCTAnimation:
    :path: "../node_modules/react-native/Libraries/NativeAnimation"
  React-RCTBlob:
    :path: "../node_modules/react-native/Libraries/Blob"
  React-RCTImage:
    :path: "../node_modules/react-native/Libraries/Image"
  React-RCTLinking:
    :path: "../node_modules/react-native/Libraries/LinkingIOS"
  React-RCTNetwork:
    :path: "../node_modules/react-native/Libraries/Network"
  React-RCTSettings:
    :path: "../node_modules/react-native/Libraries/Settings"
  React-RCTText:
    :path: "../node_modules/react-native/Libraries/Text"
  React-RCTVibration:
    :path: "../node_modules/react-native/Libraries/Vibration"
  React-runtimeexecutor:
    :path: "../node_modules/react-native/ReactCommon/runtimeexecutor"
  ReactCommon:
    :path: "../node_modules/react-native/ReactCommon"
  ReactNativeExceptionHandler:
    :path: "../node_modules/react-native-exception-handler"
  RNCAsyncStorage:
    :path: "../node_modules/@react-native-async-storage/async-storage"
  RNDeviceInfo:
    :path: "../node_modules/react-native-device-info"
  RNFBApp:
    :path: "../node_modules/@react-native-firebase/app"
  RNFBMessaging:
    :path: "../node_modules/@react-native-firebase/messaging"
  RNGestureHandler:
    :path: "../node_modules/react-native-gesture-handler"
  RNKeychain:
    :path: "../node_modules/react-native-keychain"
  RNLocalize:
    :path: "../node_modules/react-native-localize"
  RNNotifee:
    :path: "../node_modules/@notifee/react-native"
  RNPermissions:
    :path: "../node_modules/react-native-permissions"
  RNReanimated:
    :path: "../node_modules/react-native-reanimated"
  RNScreens:
    :path: "../node_modules/react-native-screens"
  RNSentry:
    :path: "../node_modules/@sentry/react-native"
  RNSVG:
    :path: "../node_modules/react-native-svg"
  RNVectorIcons:
    :path: "../node_modules/react-native-vector-icons"
  Yoga:
    :path: "../node_modules/react-native/ReactCommon/yoga"

SPEC CHECKSUMS:
  boost: a7c83b31436843459a1961bfd74b96033dc77234
  DoubleConversion: 831926d9b8bf8166fd87886c4abab286c2422662
  FBLazyVector: d2db9d00883282819d03bbd401b2ad4360d47580
  FBReactNativeSpec: 94da4d84ba3b1acf459103320882daa481a2b62d
  Firebase: f92fc551ead69c94168d36c2b26188263860acd9
  FirebaseCore: 988754646ab3bd4bdcb740f1bfe26b9f6c0d5f2a
  FirebaseCoreExtension: 93d252fabdc9696bf14a73b04d84877ab9b3a832
  FirebaseCoreInternal: fa2899eb1f340054858d289e5a0fb935a0a74e52
  FirebaseInstallations: b2a05a3fe707df764345d68685534d07d0664af3
  FirebaseMessaging: e345b219fd15d325f0cf2fef28cb8ce00d851b3f
  fmt: ff9d55029c625d3757ed641535fd4a75fedc7ce9
  glog: 85ecdd10ee8d8ec362ef519a6a45ff9aa27b2e85
  GoogleDataTransport: 8378d1fa8ac49753ea6ce70d65a7cb70ce5f66e6
  GoogleUtilities: 9aa0ad5a7bc171f8bae016300bfcfa3fb8425749
  nanopb: b552cce312b6c8484180ef47159bc0f65a1f0431
  Permission-Camera: 273b78e214eae8d734d1c497b67aa0030838c006
  Permission-Notifications: 40b9694891df5c68f6b61ba5cfa3432de648c30d
  PromisesObjC: 09985d6d70fbe7878040aa746d78236e6946d2ef
  RCT-Folly: 803a9cfd78114b2ec0f140cfa6fa2a6bafb2d685
  RCTRequired: 412e994c1e570cf35378a32c18fd46e50634938b
  RCTTypeSafety: ef27340c728e6d673af345ed69e479a010c8a2d8
  React: 36b9f5116572e5b80f01e562bb1f1451e8848e47
  React-callinvoker: 91e62870884d3db3a0db33bbb1ba4e53fa5210ca
  React-Core: 765ccc3861be1b93c7d5ca37f6b06e2efd6e7999
  React-CoreModules: da2ddff50a92576b6d58fbfc80a62ba3f81d8a4e
  React-cxxreact: b54cffd4feb550c3213cd38db4a2a4bdd896f715
  React-jsi: 103674913e4159a07df20ef214c6b563e90e7b2e
  React-jsiexecutor: e9895ccae253323ca70f693945fecbba091f0abd
  React-jsinspector: ec4fe4f65ccf9d67c8429dda955d3412db8a25ef
  React-logger: 85f4ef06b9723714b2dfa5b0e5502b673b271b58
  react-native-camera: 210a872c84d3aa0982a9223047ef9e743ed694fa
  react-native-pager-view: fb87ee16641224bfc41e94e6b276f106ce584b74
  react-native-randombytes: 5fc412efe7b5c55b9002c0004d75fe5fabcaa507
  react-native-version-number: 15563dc4145a94aabfc1faab2a9af10174a4204e
  React-perflogger: d32ee13196f4ae2e4098fb7f8e7ed4f864c6fb0f
  React-RCTActionSheet: 81779c09e34a6a3d6b15783407ba9016a774f535
  React-RCTAnimation: b778eaaa42a884abcc5719035a7a0b2f54672658
  React-RCTBlob: 8edfc04c117decb0e7d4e6ab32bec91707e63ecb
  React-RCTImage: 2022097f1291bfebd0003e477318c72b07853578
  React-RCTLinking: bd8d889c65695181342541ce4420e9419845084c
  React-RCTNetwork: eae64b805d967bf3ece2cec3ad09218eeb32cb74
  React-RCTSettings: 0645af8aec5f40726e98d434a07ff58e75a81aa9
  React-RCTText: e55de507cda263ff58404c3e7d75bf76c2b80813
  React-RCTVibration: c3b8a3245267a3849b0c7cb91a37606bf5f3aa65
  React-runtimeexecutor: 434efc9e5b6d0f14f49867f130b39376c971c1aa
  ReactCommon: a30c2448e5a88bae6fcb0e3da124c14ae493dac1
  ReactNativeExceptionHandler: b11ff67c78802b2f62eed0e10e75cb1ef7947c60
  RNCAsyncStorage: bef53cb70c06b8eff11bab4a848de86ad4488c39
  RNDeviceInfo: a5bd1c810c609f7b8dd87029fe4b2112ae36136d
  RNFBApp: 1ee535dcb7773ca612d3a2e53a1f78f8f2fb6abf
  RNFBMessaging: 04ecf12bae7543cd8df145f1b26d89d867594be7
  RNGestureHandler: a479ebd5ed4221a810967000735517df0d2db211
  RNKeychain: 4f63aada75ebafd26f4bc2c670199461eab85d94
  RNLocalize: 414c99a0f6625a58dfee7f5780678d98c4ffabc2
  RNNotifee: 5155e0a5e0a97d0c839030d8192783cd63053999
  RNPermissions: 7ad8d93b004e6bc85c89e27a102afcde90e07efa
  RNReanimated: 46cdb89ca59ab7181334f4ed05a70e82ddb36751
  RNScreens: 40a2cb40a02a609938137a1e0acfbf8fc9eebf19
  RNSentry: fbbdcd7213058e3de5fbaa452b25a06a16b4b382
  RNSVG: 302bfc9905bd8122f08966dc2ce2d07b7b52b9f8
  RNVectorIcons: 7923e585eaeb139b9f4531d25a125a1500162a0b
  Sentry: 0c5cd63d714187b4a39c331c1f0eb04ba7868341
  Yoga: 099a946cbf84c9b32ffdc4278d72db26710ecf92

PODFILE CHECKSUM: 3a18ccb91320901f83a307a2e592834930fa34e4

COCOAPODS: 1.12.0
